// !$*UTF8*$!
{
	archiveVersion = 1;
	classes = {
	};
	objectVersion = 46;
	objects = {

/* Begin PBXBuildFile section */
		DC5ED29B17587BE4002B5B81 /* img_newcontact_btn-568h@2x.png in Resources */ = {isa = PBXBuildFile; fileRef = DC5ED29917587BE4002B5B81 /* img_newcontact_btn-568h@2x.png */; };
		DC5ED29C17587BE4002B5B81 /* img_newcontact_btn@2x.png in Resources */ = {isa = PBXBuildFile; fileRef = DC5ED29A17587BE4002B5B81 /* img_newcontact_btn@2x.png */; };
		DC5ED2A317587C8D002B5B81 /* img_cleardialphone_btn-568h@2x.png in Resources */ = {isa = PBXBuildFile; fileRef = DC5ED29F17587C8D002B5B81 /* img_cleardialphone_btn-568h@2x.png */; };
		DC5ED2A417587C8D002B5B81 /* img_cleardialphone_btn@2x.png in Resources */ = {isa = PBXBuildFile; fileRef = DC5ED2A017587C8D002B5B81 /* img_cleardialphone_btn@2x.png */; };
		DC5ED2A717587E78002B5B81 /* img_dial_0_btn-568h@2x.png in Resources */ = {isa = PBXBuildFile; fileRef = DC5ED2A517587E78002B5B81 /* img_dial_0_btn-568h@2x.png */; };
		DC5ED2A817587E78002B5B81 /* img_dial_0_btn@2x.png in Resources */ = {isa = PBXBuildFile; fileRef = DC5ED2A617587E78002B5B81 /* img_dial_0_btn@2x.png */; };
		DC5ED2BF1758A670002B5B81 /* img_dial_1_btn-568h@2x.png in Resources */ = {isa = PBXBuildFile; fileRef = DC5ED2A91758A670002B5B81 /* img_dial_1_btn-568h@2x.png */; };
		DC5ED2C01758A670002B5B81 /* img_dial_1_btn@2x.png in Resources */ = {isa = PBXBuildFile; fileRef = DC5ED2AA1758A670002B5B81 /* img_dial_1_btn@2x.png */; };
		DC5ED2C11758A670002B5B81 /* img_dial_2_btn-568h@2x.png in Resources */ = {isa = PBXBuildFile; fileRef = DC5ED2AB1758A670002B5B81 /* img_dial_2_btn-568h@2x.png */; };
		DC5ED2C21758A670002B5B81 /* img_dial_2_btn@2x.png in Resources */ = {isa = PBXBuildFile; fileRef = DC5ED2AC1758A670002B5B81 /* img_dial_2_btn@2x.png */; };
		DC5ED2C31758A670002B5B81 /* img_dial_3_btn-568h@2x.png in Resources */ = {isa = PBXBuildFile; fileRef = DC5ED2AD1758A670002B5B81 /* img_dial_3_btn-568h@2x.png */; };
		DC5ED2C41758A670002B5B81 /* img_dial_3_btn@2x.png in Resources */ = {isa = PBXBuildFile; fileRef = DC5ED2AE1758A670002B5B81 /* img_dial_3_btn@2x.png */; };
		DC5ED2C51758A670002B5B81 /* img_dial_4_btn-568h@2x.png in Resources */ = {isa = PBXBuildFile; fileRef = DC5ED2AF1758A670002B5B81 /* img_dial_4_btn-568h@2x.png */; };
		DC5ED2C61758A670002B5B81 /* img_dial_4_btn@2x.png in Resources */ = {isa = PBXBuildFile; fileRef = DC5ED2B01758A670002B5B81 /* img_dial_4_btn@2x.png */; };
		DC5ED2C71758A670002B5B81 /* img_dial_5_btn-568h@2x.png in Resources */ = {isa = PBXBuildFile; fileRef = DC5ED2B11758A670002B5B81 /* img_dial_5_btn-568h@2x.png */; };
		DC5ED2C81758A670002B5B81 /* img_dial_5_btn@2x.png in Resources */ = {isa = PBXBuildFile; fileRef = DC5ED2B21758A670002B5B81 /* img_dial_5_btn@2x.png */; };
		DC5ED2C91758A670002B5B81 /* img_dial_6_btn-568h@2x.png in Resources */ = {isa = PBXBuildFile; fileRef = DC5ED2B31758A670002B5B81 /* img_dial_6_btn-568h@2x.png */; };
		DC5ED2CA1758A670002B5B81 /* img_dial_6_btn@2x.png in Resources */ = {isa = PBXBuildFile; fileRef = DC5ED2B41758A670002B5B81 /* img_dial_6_btn@2x.png */; };
		DC5ED2CB1758A670002B5B81 /* img_dial_7_btn-568h@2x.png in Resources */ = {isa = PBXBuildFile; fileRef = DC5ED2B51758A670002B5B81 /* img_dial_7_btn-568h@2x.png */; };
		DC5ED2CC1758A670002B5B81 /* img_dial_7_btn@2x.png in Resources */ = {isa = PBXBuildFile; fileRef = DC5ED2B61758A670002B5B81 /* img_dial_7_btn@2x.png */; };
		DC5ED2CD1758A670002B5B81 /* img_dial_8_btn-568h@2x.png in Resources */ = {isa = PBXBuildFile; fileRef = DC5ED2B71758A670002B5B81 /* img_dial_8_btn-568h@2x.png */; };
		DC5ED2CE1758A670002B5B81 /* img_dial_8_btn@2x.png in Resources */ = {isa = PBXBuildFile; fileRef = DC5ED2B81758A670002B5B81 /* img_dial_8_btn@2x.png */; };
		DC5ED2CF1758A670002B5B81 /* img_dial_9_btn-568h@2x.png in Resources */ = {isa = PBXBuildFile; fileRef = DC5ED2B91758A670002B5B81 /* img_dial_9_btn-568h@2x.png */; };
		DC5ED2D01758A670002B5B81 /* img_dial_9_btn@2x.png in Resources */ = {isa = PBXBuildFile; fileRef = DC5ED2BA1758A670002B5B81 /* img_dial_9_btn@2x.png */; };
		DC5ED2D11758A670002B5B81 /* img_dial_pound_btn-568h@2x.png in Resources */ = {isa = PBXBuildFile; fileRef = DC5ED2BB1758A670002B5B81 /* img_dial_pound_btn-568h@2x.png */; };
		DC5ED2D21758A670002B5B81 /* img_dial_pound_btn@2x.png in Resources */ = {isa = PBXBuildFile; fileRef = DC5ED2BC1758A670002B5B81 /* img_dial_pound_btn@2x.png */; };
		DC5ED2D31758A670002B5B81 /* img_dial_star_btn-568h@2x.png in Resources */ = {isa = PBXBuildFile; fileRef = DC5ED2BD1758A670002B5B81 /* img_dial_star_btn-568h@2x.png */; };
		DC5ED2D41758A670002B5B81 /* img_dial_star_btn@2x.png in Resources */ = {isa = PBXBuildFile; fileRef = DC5ED2BE1758A670002B5B81 /* img_dial_star_btn@2x.png */; };
		DC620BA61757349F00FEEC5A /* img_cleardialphone_btn.png in Resources */ = {isa = PBXBuildFile; fileRef = DC620BA41757349F00FEEC5A /* img_cleardialphone_btn.png */; };
		DC620BA71757349F00FEEC5A /* img_newcontact_btn.png in Resources */ = {isa = PBXBuildFile; fileRef = DC620BA51757349F00FEEC5A /* img_newcontact_btn.png */; };
		DC620BAA1757391A00FEEC5A /* img_dialbtn_highlighted_bg.png in Resources */ = {isa = PBXBuildFile; fileRef = DC620BA81757391A00FEEC5A /* img_dialbtn_highlighted_bg.png */; };
		DC620BAB1757391A00FEEC5A /* img_addnewcontact6cleardialnumber_btn_normal_bg.png in Resources */ = {isa = PBXBuildFile; fileRef = DC620BA91757391A00FEEC5A /* img_addnewcontact6cleardialnumber_btn_normal_bg.png */; };
		DC620BAF17573DFC00FEEC5A /* img_dialbtn_normal_bg.png in Resources */ = {isa = PBXBuildFile; fileRef = DC620BAE17573DFC00FEEC5A /* img_dialbtn_normal_bg.png */; };
		DC620BB21757402F00FEEC5A /* img_callbtn_highlighted_bg.png in Resources */ = {isa = PBXBuildFile; fileRef = DC620BB01757402F00FEEC5A /* img_callbtn_highlighted_bg.png */; };
		DC620BB31757402F00FEEC5A /* img_callbtn_normal_bg.png in Resources */ = {isa = PBXBuildFile; fileRef = DC620BB11757402F00FEEC5A /* img_callbtn_normal_bg.png */; };
		DC620BC0175745CC00FEEC5A /* img_dial_0_btn.png in Resources */ = {isa = PBXBuildFile; fileRef = DC620BB4175745CA00FEEC5A /* img_dial_0_btn.png */; };
		DC620BC1175745CC00FEEC5A /* img_dial_1_btn.png in Resources */ = {isa = PBXBuildFile; fileRef = DC620BB5175745CA00FEEC5A /* img_dial_1_btn.png */; };
		DC620BC2175745CC00FEEC5A /* img_dial_2_btn.png in Resources */ = {isa = PBXBuildFile; fileRef = DC620BB6175745CA00FEEC5A /* img_dial_2_btn.png */; };
		DC620BC3175745CC00FEEC5A /* img_dial_3_btn.png in Resources */ = {isa = PBXBuildFile; fileRef = DC620BB7175745CB00FEEC5A /* img_dial_3_btn.png */; };
		DC620BC4175745CC00FEEC5A /* img_dial_4_btn.png in Resources */ = {isa = PBXBuildFile; fileRef = DC620BB8175745CB00FEEC5A /* img_dial_4_btn.png */; };
		DC620BC5175745CC00FEEC5A /* img_dial_5_btn.png in Resources */ = {isa = PBXBuildFile; fileRef = DC620BB9175745CB00FEEC5A /* img_dial_5_btn.png */; };
		DC620BC6175745CC00FEEC5A /* img_dial_6_btn.png in Resources */ = {isa = PBXBuildFile; fileRef = DC620BBA175745CB00FEEC5A /* img_dial_6_btn.png */; };
		DC620BC7175745CC00FEEC5A /* img_dial_7_btn.png in Resources */ = {isa = PBXBuildFile; fileRef = DC620BBB175745CB00FEEC5A /* img_dial_7_btn.png */; };
		DC620BC8175745CC00FEEC5A /* img_dial_8_btn.png in Resources */ = {isa = PBXBuildFile; fileRef = DC620BBC175745CB00FEEC5A /* img_dial_8_btn.png */; };
		DC620BC9175745CC00FEEC5A /* img_dial_9_btn.png in Resources */ = {isa = PBXBuildFile; fileRef = DC620BBD175745CC00FEEC5A /* img_dial_9_btn.png */; };
		DC620BCA175745CC00FEEC5A /* img_dial_pound_btn.png in Resources */ = {isa = PBXBuildFile; fileRef = DC620BBE175745CC00FEEC5A /* img_dial_pound_btn.png */; };
		DC620BCB175745CC00FEEC5A /* img_dial_star_btn.png in Resources */ = {isa = PBXBuildFile; fileRef = DC620BBF175745CC00FEEC5A /* img_dial_star_btn.png */; };
		DC6300C8174C78FD00C132C2 /* UIKit.framework in Frameworks */ = {isa = PBXBuildFile; fileRef = DC6300C7174C78FD00C132C2 /* UIKit.framework */; };
		DC6300CA174C78FD00C132C2 /* Foundation.framework in Frameworks */ = {isa = PBXBuildFile; fileRef = DC6300C9174C78FD00C132C2 /* Foundation.framework */; };
		DC6300CC174C78FD00C132C2 /* CoreGraphics.framework in Frameworks */ = {isa = PBXBuildFile; fileRef = DC6300CB174C78FD00C132C2 /* CoreGraphics.framework */; };
		DC6300D4174C78FD00C132C2 /* main.m in Sources */ = {isa = PBXBuildFile; fileRef = DC6300D3174C78FD00C132C2 /* main.m */; };
		DC6300D8174C78FD00C132C2 /* AppDelegate.m in Sources */ = {isa = PBXBuildFile; fileRef = DC6300D7174C78FD00C132C2 /* AppDelegate.m */; };
		DC630126174CA2A300C132C2 /* CommonToolkitBundle.bundle in Resources */ = {isa = PBXBuildFile; fileRef = DC63011E174CA2A300C132C2 /* CommonToolkitBundle.bundle */; };
		DC630127174CA2A300C132C2 /* Pinyin4jBundle.bundle in Resources */ = {isa = PBXBuildFile; fileRef = DC63011F174CA2A300C132C2 /* Pinyin4jBundle.bundle */; };
		DC63013C174CA64800C132C2 /* InfoPlist.strings in Resources */ = {isa = PBXBuildFile; fileRef = DC630138174CA64800C132C2 /* InfoPlist.strings */; };
		DC63F44E1761895100229C43 /* img_hangup_longbtn-hs.png in Resources */ = {isa = PBXBuildFile; fileRef = DC63F44B1761895100229C43 /* img_hangup_longbtn-hs.png */; };
		DC63F44F1761895100229C43 /* img_hangup_shortbtn-hs.png in Resources */ = {isa = PBXBuildFile; fileRef = DC63F44C1761895100229C43 /* img_hangup_shortbtn-hs.png */; };
		DC63F4501761895100229C43 /* img_hidekeyboardbtn-hs.png in Resources */ = {isa = PBXBuildFile; fileRef = DC63F44D1761895100229C43 /* img_hidekeyboardbtn-hs.png */; };
		DC63F4541761901E00229C43 /* img_hangup_longbtn-en.png in Resources */ = {isa = PBXBuildFile; fileRef = DC63F4511761901E00229C43 /* img_hangup_longbtn-en.png */; };
		DC63F4551761901E00229C43 /* img_hangup_shortbtn-en.png in Resources */ = {isa = PBXBuildFile; fileRef = DC63F4521761901E00229C43 /* img_hangup_shortbtn-en.png */; };
		DC63F4561761901E00229C43 /* img_hidekeyboardbtn-en.png in Resources */ = {isa = PBXBuildFile; fileRef = DC63F4531761901E00229C43 /* img_hidekeyboardbtn-en.png */; };
		DC63F45A1761981900229C43 /* img_hangup_longbtn-ht.png in Resources */ = {isa = PBXBuildFile; fileRef = DC63F4571761981900229C43 /* img_hangup_longbtn-ht.png */; };
		DC63F45B1761981900229C43 /* img_hangup_shortbtn-ht.png in Resources */ = {isa = PBXBuildFile; fileRef = DC63F4581761981900229C43 /* img_hangup_shortbtn-ht.png */; };
		DC63F45C1761981900229C43 /* img_hidekeyboardbtn-ht.png in Resources */ = {isa = PBXBuildFile; fileRef = DC63F4591761981900229C43 /* img_hidekeyboardbtn-ht.png */; };
		DC63F4661761A4D100229C43 /* img_callbtn-568h-en@2x.png in Resources */ = {isa = PBXBuildFile; fileRef = DC63F45D1761A4CA00229C43 /* img_callbtn-568h-en@2x.png */; };
		DC63F4671761A4D100229C43 /* img_callbtn-568h-hs@2x.png in Resources */ = {isa = PBXBuildFile; fileRef = DC63F45E1761A4CB00229C43 /* img_callbtn-568h-hs@2x.png */; };
		DC63F4681761A4D100229C43 /* img_callbtn-568h-ht@2x.png in Resources */ = {isa = PBXBuildFile; fileRef = DC63F45F1761A4CC00229C43 /* img_callbtn-568h-ht@2x.png */; };
		DC63F4691761A4D100229C43 /* img_callbtn-en.png in Resources */ = {isa = PBXBuildFile; fileRef = DC63F4601761A4CC00229C43 /* img_callbtn-en.png */; };
		DC63F46A1761A4D100229C43 /* img_callbtn-en@2x.png in Resources */ = {isa = PBXBuildFile; fileRef = DC63F4611761A4CD00229C43 /* img_callbtn-en@2x.png */; };
		DC63F46B1761A4D100229C43 /* img_callbtn-hs.png in Resources */ = {isa = PBXBuildFile; fileRef = DC63F4621761A4CE00229C43 /* img_callbtn-hs.png */; };
		DC63F46C1761A4D100229C43 /* img_callbtn-hs@2x.png in Resources */ = {isa = PBXBuildFile; fileRef = DC63F4631761A4CE00229C43 /* img_callbtn-hs@2x.png */; };
		DC63F46D1761A4D100229C43 /* img_callbtn-ht.png in Resources */ = {isa = PBXBuildFile; fileRef = DC63F4641761A4D000229C43 /* img_callbtn-ht.png */; };
		DC63F46E1761A4D100229C43 /* img_callbtn-ht@2x.png in Resources */ = {isa = PBXBuildFile; fileRef = DC63F4651761A4D000229C43 /* img_callbtn-ht@2x.png */; };
		DC63F4701761ACCE00229C43 /* img_back4waitingcallbackcallbtn_bg.png in Resources */ = {isa = PBXBuildFile; fileRef = DC63F46F1761ACCD00229C43 /* img_back4waitingcallbackcallbtn_bg.png */; };
		DC63F4741761B42900229C43 /* img_back4waitingcallbackcallbtn-en.png in Resources */ = {isa = PBXBuildFile; fileRef = DC63F4711761B42600229C43 /* img_back4waitingcallbackcallbtn-en.png */; };
		DC63F4751761B42900229C43 /* img_back4waitingcallbackcallbtn-hs.png in Resources */ = {isa = PBXBuildFile; fileRef = DC63F4721761B42700229C43 /* img_back4waitingcallbackcallbtn-hs.png */; };
		DC63F4761761B42900229C43 /* img_back4waitingcallbackcallbtn-ht.png in Resources */ = {isa = PBXBuildFile; fileRef = DC63F4731761B42800229C43 /* img_back4waitingcallbackcallbtn-ht.png */; };
		DC63F4791761BA4000229C43 /* img_sendcallbackcall_failed.png in Resources */ = {isa = PBXBuildFile; fileRef = DC63F4771761BA3E00229C43 /* img_sendcallbackcall_failed.png */; };
		DC63F47A1761BA4000229C43 /* img_sendcallbackcall_succeed.png in Resources */ = {isa = PBXBuildFile; fileRef = DC63F4781761BA3F00229C43 /* img_sendcallbackcall_succeed.png */; };
		DC63F47E1761C9A800229C43 /* SipUtils.m in Sources */ = {isa = PBXBuildFile; fileRef = DC63F47D1761C9A800229C43 /* SipUtils.m */; };
		DC63F4851761CCCE00229C43 /* SipBaseImplementation.m in Sources */ = {isa = PBXBuildFile; fileRef = DC63F4841761CCCE00229C43 /* SipBaseImplementation.m */; };
		DC63F4881761CD0B00229C43 /* PJSipImplementation.m in Sources */ = {isa = PBXBuildFile; fileRef = DC63F4871761CD0B00229C43 /* PJSipImplementation.m */; };
		DC63F48D1761D30100229C43 /* SipRegistrationBean.m in Sources */ = {isa = PBXBuildFile; fileRef = DC63F48C1761D2FE00229C43 /* SipRegistrationBean.m */; };
		DC63F4911761DC8C00229C43 /* SipCallModeSelector.m in Sources */ = {isa = PBXBuildFile; fileRef = DC63F4901761DC8C00229C43 /* SipCallModeSelector.m */; };
		DC756B871752EE4000F287FA /* Default-568h@2x.png in Resources */ = {isa = PBXBuildFile; fileRef = DC756B841752EE4000F287FA /* Default-568h@2x.png */; };
		DC756B881752EE4000F287FA /* Default.png in Resources */ = {isa = PBXBuildFile; fileRef = DC756B851752EE4000F287FA /* Default.png */; };
		DC756B891752EE4000F287FA /* Default@2x.png in Resources */ = {isa = PBXBuildFile; fileRef = DC756B861752EE4000F287FA /* Default@2x.png */; };
		DC75F5F0175F16C100A17B5A /* OutgoingCallGenerator.m in Sources */ = {isa = PBXBuildFile; fileRef = DC75F5EF175F16C100A17B5A /* OutgoingCallGenerator.m */; };
		DC75F5F5175F32B400A17B5A /* img_outgoingcall_footerview_bg.png in Resources */ = {isa = PBXBuildFile; fileRef = DC75F5F1175F32B400A17B5A /* img_outgoingcall_footerview_bg.png */; };
		DC75F5F6175F32B400A17B5A /* img_outgoingcall_footerview_bg@2x.png in Resources */ = {isa = PBXBuildFile; fileRef = DC75F5F2175F32B400A17B5A /* img_outgoingcall_footerview_bg@2x.png */; };
		DC75F5F7175F32B400A17B5A /* img_outgoingcall_headerview_bg.png in Resources */ = {isa = PBXBuildFile; fileRef = DC75F5F3175F32B400A17B5A /* img_outgoingcall_headerview_bg.png */; };
		DC75F5F8175F32B400A17B5A /* img_outgoingcall_headerview_bg@2x.png in Resources */ = {isa = PBXBuildFile; fileRef = DC75F5F4175F32B400A17B5A /* img_outgoingcall_headerview_bg@2x.png */; };
		DC857517174E10E0008D8B76 /* AddressBook.framework in Frameworks */ = {isa = PBXBuildFile; fileRef = DC857516174E10E0008D8B76 /* AddressBook.framework */; };
		DC857519174E10E9008D8B76 /* CFNetwork.framework in Frameworks */ = {isa = PBXBuildFile; fileRef = DC857518174E10E9008D8B76 /* CFNetwork.framework */; };
		DC85751B174E10F1008D8B76 /* SystemConfiguration.framework in Frameworks */ = {isa = PBXBuildFile; fileRef = DC85751A174E10F1008D8B76 /* SystemConfiguration.framework */; };
		DC85751D174E10F9008D8B76 /* MobileCoreServices.framework in Frameworks */ = {isa = PBXBuildFile; fileRef = DC85751C174E10F9008D8B76 /* MobileCoreServices.framework */; };
		DC85751F174E1106008D8B76 /* libz.dylib in Frameworks */ = {isa = PBXBuildFile; fileRef = DC85751E174E1106008D8B76 /* libz.dylib */; };
		DC857521174E1110008D8B76 /* libicucore.dylib in Frameworks */ = {isa = PBXBuildFile; fileRef = DC857520174E1110008D8B76 /* libicucore.dylib */; };
		DC857523174E111B008D8B76 /* CoreText.framework in Frameworks */ = {isa = PBXBuildFile; fileRef = DC857522174E111B008D8B76 /* CoreText.framework */; };
		DC857525174E112E008D8B76 /* CommonToolkit.framework in Frameworks */ = {isa = PBXBuildFile; fileRef = DC857524174E112E008D8B76 /* CommonToolkit.framework */; };
		DC8A52D017558C5F00B22630 /* MoreTabContentViewController.m in Sources */ = {isa = PBXBuildFile; fileRef = DC8A52CF17558C5F00B22630 /* MoreTabContentViewController.m */; };
		DC8A52D317558C7C00B22630 /* DialTabContentViewController.m in Sources */ = {isa = PBXBuildFile; fileRef = DC8A52D217558C7C00B22630 /* DialTabContentViewController.m */; };
		DC8A52D617558CA100B22630 /* CallRecordHistoryListTabContentViewController.m in Sources */ = {isa = PBXBuildFile; fileRef = DC8A52D517558CA100B22630 /* CallRecordHistoryListTabContentViewController.m */; };
		DC8A52D917558CBD00B22630 /* ContactListTabContentViewController.m in Sources */ = {isa = PBXBuildFile; fileRef = DC8A52D817558CBD00B22630 /* ContactListTabContentViewController.m */; };
		DC8A52DE175600E900B22630 /* img_dialnumber7ownnershiplabel_bg.png in Resources */ = {isa = PBXBuildFile; fileRef = DC8A52DB175600E900B22630 /* img_dialnumber7ownnershiplabel_bg.png */; };
		DC8A52DF175600E900B22630 /* img_dialnumber7ownnershiplabel_bg@2x.png in Resources */ = {isa = PBXBuildFile; fileRef = DC8A52DC175600E900B22630 /* img_dialnumber7ownnershiplabel_bg@2x.png */; };
		DC8E17D6175F899900BF8014 /* OutgoingCallControllerButton.m in Sources */ = {isa = PBXBuildFile; fileRef = DC8E17D5175F899900BF8014 /* OutgoingCallControllerButton.m */; };
		DC8F3D561758EB5800EF6F78 /* OutgoingCallViewController.m in Sources */ = {isa = PBXBuildFile; fileRef = DC8F3D551758EB5800EF6F78 /* OutgoingCallViewController.m */; };
		DC8F3D591758EB8600EF6F78 /* OutgoingCallView.m in Sources */ = {isa = PBXBuildFile; fileRef = DC8F3D581758EB8600EF6F78 /* OutgoingCallView.m */; };
		DC8F3D5D1758EE4600EF6F78 /* Localizable.strings in Resources */ = {isa = PBXBuildFile; fileRef = DC8F3D5B1758EE4600EF6F78 /* Localizable.strings */; };
		DC8F3D621758EED200EF6F78 /* Toast.strings in Resources */ = {isa = PBXBuildFile; fileRef = DC8F3D601758EED200EF6F78 /* Toast.strings */; };
		DC953B72174F138B006F5AB0 /* img_tab_callrecord.png in Resources */ = {isa = PBXBuildFile; fileRef = DC953B6A174F138B006F5AB0 /* img_tab_callrecord.png */; };
		DC953B73174F138B006F5AB0 /* img_tab_callrecord@2x.png in Resources */ = {isa = PBXBuildFile; fileRef = DC953B6B174F138B006F5AB0 /* img_tab_callrecord@2x.png */; };
		DC953B74174F138B006F5AB0 /* img_tab_contactlist.png in Resources */ = {isa = PBXBuildFile; fileRef = DC953B6C174F138B006F5AB0 /* img_tab_contactlist.png */; };
		DC953B75174F138B006F5AB0 /* img_tab_contactlist@2x.png in Resources */ = {isa = PBXBuildFile; fileRef = DC953B6D174F138B006F5AB0 /* img_tab_contactlist@2x.png */; };
		DC953B76174F138B006F5AB0 /* img_tab_dial.png in Resources */ = {isa = PBXBuildFile; fileRef = DC953B6E174F138B006F5AB0 /* img_tab_dial.png */; };
		DC953B77174F138B006F5AB0 /* img_tab_dial@2x.png in Resources */ = {isa = PBXBuildFile; fileRef = DC953B6F174F138B006F5AB0 /* img_tab_dial@2x.png */; };
		DC953B7D174F3488006F5AB0 /* ContactListTabContentView.m in Sources */ = {isa = PBXBuildFile; fileRef = DC953B7C174F3488006F5AB0 /* ContactListTabContentView.m */; };
		DC953B81174F3A4A006F5AB0 /* CallRecordHistoryListTabContentView.m in Sources */ = {isa = PBXBuildFile; fileRef = DC953B80174F3A4A006F5AB0 /* CallRecordHistoryListTabContentView.m */; };
		DC953B85174F4361006F5AB0 /* MoreTabContentView.m in Sources */ = {isa = PBXBuildFile; fileRef = DC953B84174F4361006F5AB0 /* MoreTabContentView.m */; };
		DC953B89174F4580006F5AB0 /* DialTabContentView.m in Sources */ = {isa = PBXBuildFile; fileRef = DC953B88174F4580006F5AB0 /* DialTabContentView.m */; };
		DC953B8C174F4C19006F5AB0 /* ContactListTableViewCell.m in Sources */ = {isa = PBXBuildFile; fileRef = DC953B8B174F4C19006F5AB0 /* ContactListTableViewCell.m */; };
		DC953B8E174F5228006F5AB0 /* img_default_avatar.png in Resources */ = {isa = PBXBuildFile; fileRef = DC953B8D174F5228006F5AB0 /* img_default_avatar.png */; };
		DCEB1C8A1760493900A603F7 /* img_callcontroller_speakerbtn.png in Resources */ = {isa = PBXBuildFile; fileRef = DCEB1C861760493900A603F7 /* img_callcontroller_speakerbtn.png */; };
		DCEB1C8B1760493900A603F7 /* img_callcontroller_keyboardbtn.png in Resources */ = {isa = PBXBuildFile; fileRef = DCEB1C871760493900A603F7 /* img_callcontroller_keyboardbtn.png */; };
		DCEB1C8C1760493900A603F7 /* img_callcontroller_mutebtn-568h@2x.png in Resources */ = {isa = PBXBuildFile; fileRef = DCEB1C881760493900A603F7 /* img_callcontroller_mutebtn-568h@2x.png */; };
		DCEB1C8E176053DD00A603F7 /* img_callcontroller_keyboardbtn@2x.png in Resources */ = {isa = PBXBuildFile; fileRef = DCEB1C8D176053DD00A603F7 /* img_callcontroller_keyboardbtn@2x.png */; };
		DCEB1C90176055B700A603F7 /* img_callcontroller_keyboardbtn-568h@2x.png in Resources */ = {isa = PBXBuildFile; fileRef = DCEB1C8F176055B700A603F7 /* img_callcontroller_keyboardbtn-568h@2x.png */; };
		DCEB1C94176064CC00A603F7 /* img_callcontroller_contactsbtn@2x.png in Resources */ = {isa = PBXBuildFile; fileRef = DCEB1C93176064CC00A603F7 /* img_callcontroller_contactsbtn@2x.png */; };
		DCEB1C9B176064DB00A603F7 /* img_callcontroller_contactsbtn-568h@2x.png in Resources */ = {isa = PBXBuildFile; fileRef = DCEB1C95176064DA00A603F7 /* img_callcontroller_contactsbtn-568h@2x.png */; };
		DCEB1C9C176064DB00A603F7 /* img_callcontroller_contactsbtn.png in Resources */ = {isa = PBXBuildFile; fileRef = DCEB1C96176064DA00A603F7 /* img_callcontroller_contactsbtn.png */; };
		DCEB1C9D176064DB00A603F7 /* img_callcontroller_speakerbtn-568h@2x.png in Resources */ = {isa = PBXBuildFile; fileRef = DCEB1C97176064DA00A603F7 /* img_callcontroller_speakerbtn-568h@2x.png */; };
		DCEB1C9E176064DB00A603F7 /* img_callcontroller_speakerbtn@2x.png in Resources */ = {isa = PBXBuildFile; fileRef = DCEB1C98176064DA00A603F7 /* img_callcontroller_speakerbtn@2x.png */; };
		DCEB1C9F176064DB00A603F7 /* img_callcontroller_mutebtn.png in Resources */ = {isa = PBXBuildFile; fileRef = DCEB1C99176064DB00A603F7 /* img_callcontroller_mutebtn.png */; };
		DCEB1CA0176064DB00A603F7 /* img_callcontroller_mutebtn@2x.png in Resources */ = {isa = PBXBuildFile; fileRef = DCEB1C9A176064DB00A603F7 /* img_callcontroller_mutebtn@2x.png */; };
		DCEB1CA31760699C00A603F7 /* img_callcontrollerbtn_highlighted_bg.png in Resources */ = {isa = PBXBuildFile; fileRef = DCEB1CA11760699B00A603F7 /* img_callcontrollerbtn_highlighted_bg.png */; };
		DCEB1CA41760699C00A603F7 /* img_callcontrollerbtn_normal_bg.png in Resources */ = {isa = PBXBuildFile; fileRef = DCEB1CA21760699C00A603F7 /* img_callcontrollerbtn_normal_bg.png */; };
		DCEB1CA917607E3500A603F7 /* img_hangup_longbtn_bg.png in Resources */ = {isa = PBXBuildFile; fileRef = DCEB1CA517607E3200A603F7 /* img_hangup_longbtn_bg.png */; };
		DCEB1CAA17607E3500A603F7 /* img_hangup_shortbtn_bg.png in Resources */ = {isa = PBXBuildFile; fileRef = DCEB1CA617607E3200A603F7 /* img_hangup_shortbtn_bg.png */; };
		DCEB1CAB17607E3500A603F7 /* img_hidekeyboardbtn_highlighted_bg.png in Resources */ = {isa = PBXBuildFile; fileRef = DCEB1CA717607E3300A603F7 /* img_hidekeyboardbtn_highlighted_bg.png */; };
		DCEB1CAC17607E3500A603F7 /* img_hidekeyboardbtn_normal_bg.png in Resources */ = {isa = PBXBuildFile; fileRef = DCEB1CA817607E3400A603F7 /* img_hidekeyboardbtn_normal_bg.png */; };
		DCEF2E32175642B50004E52F /* img_dialnumber7ownnershiplabel_bg-568h@2x.png in Resources */ = {isa = PBXBuildFile; fileRef = DCEF2E31175642B50004E52F /* img_dialnumber7ownnershiplabel_bg-568h@2x.png */; };
/* End PBXBuildFile section */

/* Begin PBXFileReference section */
		DC5ED29917587BE4002B5B81 /* img_newcontact_btn-568h@2x.png */ = {isa = PBXFileReference; lastKnownFileType = image.png; path = "img_newcontact_btn-568h@2x.png"; sourceTree = "<group>"; };
		DC5ED29A17587BE4002B5B81 /* img_newcontact_btn@2x.png */ = {isa = PBXFileReference; lastKnownFileType = image.png; path = "img_newcontact_btn@2x.png"; sourceTree = "<group>"; };
		DC5ED29F17587C8D002B5B81 /* img_cleardialphone_btn-568h@2x.png */ = {isa = PBXFileReference; lastKnownFileType = image.png; path = "img_cleardialphone_btn-568h@2x.png"; sourceTree = "<group>"; };
		DC5ED2A017587C8D002B5B81 /* img_cleardialphone_btn@2x.png */ = {isa = PBXFileReference; lastKnownFileType = image.png; path = "img_cleardialphone_btn@2x.png"; sourceTree = "<group>"; };
		DC5ED2A517587E78002B5B81 /* img_dial_0_btn-568h@2x.png */ = {isa = PBXFileReference; lastKnownFileType = image.png; path = "img_dial_0_btn-568h@2x.png"; sourceTree = "<group>"; };
		DC5ED2A617587E78002B5B81 /* img_dial_0_btn@2x.png */ = {isa = PBXFileReference; lastKnownFileType = image.png; path = "img_dial_0_btn@2x.png"; sourceTree = "<group>"; };
		DC5ED2A91758A670002B5B81 /* img_dial_1_btn-568h@2x.png */ = {isa = PBXFileReference; lastKnownFileType = image.png; path = "img_dial_1_btn-568h@2x.png"; sourceTree = "<group>"; };
		DC5ED2AA1758A670002B5B81 /* img_dial_1_btn@2x.png */ = {isa = PBXFileReference; lastKnownFileType = image.png; path = "img_dial_1_btn@2x.png"; sourceTree = "<group>"; };
		DC5ED2AB1758A670002B5B81 /* img_dial_2_btn-568h@2x.png */ = {isa = PBXFileReference; lastKnownFileType = image.png; path = "img_dial_2_btn-568h@2x.png"; sourceTree = "<group>"; };
		DC5ED2AC1758A670002B5B81 /* img_dial_2_btn@2x.png */ = {isa = PBXFileReference; lastKnownFileType = image.png; path = "img_dial_2_btn@2x.png"; sourceTree = "<group>"; };
		DC5ED2AD1758A670002B5B81 /* img_dial_3_btn-568h@2x.png */ = {isa = PBXFileReference; lastKnownFileType = image.png; path = "img_dial_3_btn-568h@2x.png"; sourceTree = "<group>"; };
		DC5ED2AE1758A670002B5B81 /* img_dial_3_btn@2x.png */ = {isa = PBXFileReference; lastKnownFileType = image.png; path = "img_dial_3_btn@2x.png"; sourceTree = "<group>"; };
		DC5ED2AF1758A670002B5B81 /* img_dial_4_btn-568h@2x.png */ = {isa = PBXFileReference; lastKnownFileType = image.png; path = "img_dial_4_btn-568h@2x.png"; sourceTree = "<group>"; };
		DC5ED2B01758A670002B5B81 /* img_dial_4_btn@2x.png */ = {isa = PBXFileReference; lastKnownFileType = image.png; path = "img_dial_4_btn@2x.png"; sourceTree = "<group>"; };
		DC5ED2B11758A670002B5B81 /* img_dial_5_btn-568h@2x.png */ = {isa = PBXFileReference; lastKnownFileType = image.png; path = "img_dial_5_btn-568h@2x.png"; sourceTree = "<group>"; };
		DC5ED2B21758A670002B5B81 /* img_dial_5_btn@2x.png */ = {isa = PBXFileReference; lastKnownFileType = image.png; path = "img_dial_5_btn@2x.png"; sourceTree = "<group>"; };
		DC5ED2B31758A670002B5B81 /* img_dial_6_btn-568h@2x.png */ = {isa = PBXFileReference; lastKnownFileType = image.png; path = "img_dial_6_btn-568h@2x.png"; sourceTree = "<group>"; };
		DC5ED2B41758A670002B5B81 /* img_dial_6_btn@2x.png */ = {isa = PBXFileReference; lastKnownFileType = image.png; path = "img_dial_6_btn@2x.png"; sourceTree = "<group>"; };
		DC5ED2B51758A670002B5B81 /* img_dial_7_btn-568h@2x.png */ = {isa = PBXFileReference; lastKnownFileType = image.png; path = "img_dial_7_btn-568h@2x.png"; sourceTree = "<group>"; };
		DC5ED2B61758A670002B5B81 /* img_dial_7_btn@2x.png */ = {isa = PBXFileReference; lastKnownFileType = image.png; path = "img_dial_7_btn@2x.png"; sourceTree = "<group>"; };
		DC5ED2B71758A670002B5B81 /* img_dial_8_btn-568h@2x.png */ = {isa = PBXFileReference; lastKnownFileType = image.png; path = "img_dial_8_btn-568h@2x.png"; sourceTree = "<group>"; };
		DC5ED2B81758A670002B5B81 /* img_dial_8_btn@2x.png */ = {isa = PBXFileReference; lastKnownFileType = image.png; path = "img_dial_8_btn@2x.png"; sourceTree = "<group>"; };
		DC5ED2B91758A670002B5B81 /* img_dial_9_btn-568h@2x.png */ = {isa = PBXFileReference; lastKnownFileType = image.png; path = "img_dial_9_btn-568h@2x.png"; sourceTree = "<group>"; };
		DC5ED2BA1758A670002B5B81 /* img_dial_9_btn@2x.png */ = {isa = PBXFileReference; lastKnownFileType = image.png; path = "img_dial_9_btn@2x.png"; sourceTree = "<group>"; };
		DC5ED2BB1758A670002B5B81 /* img_dial_pound_btn-568h@2x.png */ = {isa = PBXFileReference; lastKnownFileType = image.png; path = "img_dial_pound_btn-568h@2x.png"; sourceTree = "<group>"; };
		DC5ED2BC1758A670002B5B81 /* img_dial_pound_btn@2x.png */ = {isa = PBXFileReference; lastKnownFileType = image.png; path = "img_dial_pound_btn@2x.png"; sourceTree = "<group>"; };
		DC5ED2BD1758A670002B5B81 /* img_dial_star_btn-568h@2x.png */ = {isa = PBXFileReference; lastKnownFileType = image.png; path = "img_dial_star_btn-568h@2x.png"; sourceTree = "<group>"; };
		DC5ED2BE1758A670002B5B81 /* img_dial_star_btn@2x.png */ = {isa = PBXFileReference; lastKnownFileType = image.png; path = "img_dial_star_btn@2x.png"; sourceTree = "<group>"; };
		DC620BA41757349F00FEEC5A /* img_cleardialphone_btn.png */ = {isa = PBXFileReference; lastKnownFileType = image.png; path = img_cleardialphone_btn.png; sourceTree = "<group>"; };
		DC620BA51757349F00FEEC5A /* img_newcontact_btn.png */ = {isa = PBXFileReference; lastKnownFileType = image.png; path = img_newcontact_btn.png; sourceTree = "<group>"; };
		DC620BA81757391A00FEEC5A /* img_dialbtn_highlighted_bg.png */ = {isa = PBXFileReference; lastKnownFileType = image.png; path = img_dialbtn_highlighted_bg.png; sourceTree = "<group>"; };
		DC620BA91757391A00FEEC5A /* img_addnewcontact6cleardialnumber_btn_normal_bg.png */ = {isa = PBXFileReference; lastKnownFileType = image.png; path = img_addnewcontact6cleardialnumber_btn_normal_bg.png; sourceTree = "<group>"; };
		DC620BAE17573DFC00FEEC5A /* img_dialbtn_normal_bg.png */ = {isa = PBXFileReference; lastKnownFileType = image.png; path = img_dialbtn_normal_bg.png; sourceTree = "<group>"; };
		DC620BB01757402F00FEEC5A /* img_callbtn_highlighted_bg.png */ = {isa = PBXFileReference; lastKnownFileType = image.png; path = img_callbtn_highlighted_bg.png; sourceTree = "<group>"; };
		DC620BB11757402F00FEEC5A /* img_callbtn_normal_bg.png */ = {isa = PBXFileReference; lastKnownFileType = image.png; path = img_callbtn_normal_bg.png; sourceTree = "<group>"; };
		DC620BB4175745CA00FEEC5A /* img_dial_0_btn.png */ = {isa = PBXFileReference; lastKnownFileType = image.png; path = img_dial_0_btn.png; sourceTree = "<group>"; };
		DC620BB5175745CA00FEEC5A /* img_dial_1_btn.png */ = {isa = PBXFileReference; lastKnownFileType = image.png; path = img_dial_1_btn.png; sourceTree = "<group>"; };
		DC620BB6175745CA00FEEC5A /* img_dial_2_btn.png */ = {isa = PBXFileReference; lastKnownFileType = image.png; path = img_dial_2_btn.png; sourceTree = "<group>"; };
		DC620BB7175745CB00FEEC5A /* img_dial_3_btn.png */ = {isa = PBXFileReference; lastKnownFileType = image.png; path = img_dial_3_btn.png; sourceTree = "<group>"; };
		DC620BB8175745CB00FEEC5A /* img_dial_4_btn.png */ = {isa = PBXFileReference; lastKnownFileType = image.png; path = img_dial_4_btn.png; sourceTree = "<group>"; };
		DC620BB9175745CB00FEEC5A /* img_dial_5_btn.png */ = {isa = PBXFileReference; lastKnownFileType = image.png; path = img_dial_5_btn.png; sourceTree = "<group>"; };
		DC620BBA175745CB00FEEC5A /* img_dial_6_btn.png */ = {isa = PBXFileReference; lastKnownFileType = image.png; path = img_dial_6_btn.png; sourceTree = "<group>"; };
		DC620BBB175745CB00FEEC5A /* img_dial_7_btn.png */ = {isa = PBXFileReference; lastKnownFileType = image.png; path = img_dial_7_btn.png; sourceTree = "<group>"; };
		DC620BBC175745CB00FEEC5A /* img_dial_8_btn.png */ = {isa = PBXFileReference; lastKnownFileType = image.png; path = img_dial_8_btn.png; sourceTree = "<group>"; };
		DC620BBD175745CC00FEEC5A /* img_dial_9_btn.png */ = {isa = PBXFileReference; lastKnownFileType = image.png; path = img_dial_9_btn.png; sourceTree = "<group>"; };
		DC620BBE175745CC00FEEC5A /* img_dial_pound_btn.png */ = {isa = PBXFileReference; lastKnownFileType = image.png; path = img_dial_pound_btn.png; sourceTree = "<group>"; };
		DC620BBF175745CC00FEEC5A /* img_dial_star_btn.png */ = {isa = PBXFileReference; lastKnownFileType = image.png; path = img_dial_star_btn.png; sourceTree = "<group>"; };
		DC6300C4174C78FD00C132C2 /* ChineseTelephone.app */ = {isa = PBXFileReference; explicitFileType = wrapper.application; includeInIndex = 0; path = ChineseTelephone.app; sourceTree = BUILT_PRODUCTS_DIR; };
		DC6300C7174C78FD00C132C2 /* UIKit.framework */ = {isa = PBXFileReference; lastKnownFileType = wrapper.framework; name = UIKit.framework; path = System/Library/Frameworks/UIKit.framework; sourceTree = SDKROOT; };
		DC6300C9174C78FD00C132C2 /* Foundation.framework */ = {isa = PBXFileReference; lastKnownFileType = wrapper.framework; name = Foundation.framework; path = System/Library/Frameworks/Foundation.framework; sourceTree = SDKROOT; };
		DC6300CB174C78FD00C132C2 /* CoreGraphics.framework */ = {isa = PBXFileReference; lastKnownFileType = wrapper.framework; name = CoreGraphics.framework; path = System/Library/Frameworks/CoreGraphics.framework; sourceTree = SDKROOT; };
		DC6300CF174C78FD00C132C2 /* ChineseTelephone-Info.plist */ = {isa = PBXFileReference; fileEncoding = 4; lastKnownFileType = text.plist.xml; path = "ChineseTelephone-Info.plist"; sourceTree = "<group>"; };
		DC6300D3174C78FD00C132C2 /* main.m */ = {isa = PBXFileReference; lastKnownFileType = sourcecode.c.objc; path = main.m; sourceTree = "<group>"; };
		DC6300D5174C78FD00C132C2 /* ChineseTelephone-Prefix.pch */ = {isa = PBXFileReference; lastKnownFileType = sourcecode.c.h; path = "ChineseTelephone-Prefix.pch"; sourceTree = "<group>"; };
		DC6300D6174C78FD00C132C2 /* AppDelegate.h */ = {isa = PBXFileReference; lastKnownFileType = sourcecode.c.h; path = AppDelegate.h; sourceTree = "<group>"; };
		DC6300D7174C78FD00C132C2 /* AppDelegate.m */ = {isa = PBXFileReference; lastKnownFileType = sourcecode.c.objc; path = AppDelegate.m; sourceTree = "<group>"; };
		DC63011E174CA2A300C132C2 /* CommonToolkitBundle.bundle */ = {isa = PBXFileReference; lastKnownFileType = "wrapper.plug-in"; path = CommonToolkitBundle.bundle; sourceTree = "<group>"; };
		DC63011F174CA2A300C132C2 /* Pinyin4jBundle.bundle */ = {isa = PBXFileReference; lastKnownFileType = "wrapper.plug-in"; path = Pinyin4jBundle.bundle; sourceTree = "<group>"; };
		DC630139174CA64800C132C2 /* en */ = {isa = PBXFileReference; lastKnownFileType = text.plist.strings; name = en; path = Resources/Internationalization/en.lproj/InfoPlist.strings; sourceTree = "<group>"; };
		DC63013E174CA65100C132C2 /* zh-Hans */ = {isa = PBXFileReference; lastKnownFileType = text.plist.strings; name = "zh-Hans"; path = "Resources/Internationalization/zh-Hans.lproj/InfoPlist.strings"; sourceTree = "<group>"; };
		DC630140174CA65F00C132C2 /* zh-Hant */ = {isa = PBXFileReference; lastKnownFileType = text.plist.strings; name = "zh-Hant"; path = "Resources/Internationalization/zh-Hant.lproj/InfoPlist.strings"; sourceTree = "<group>"; };
		DC63F44B1761895100229C43 /* img_hangup_longbtn-hs.png */ = {isa = PBXFileReference; lastKnownFileType = image.png; path = "img_hangup_longbtn-hs.png"; sourceTree = "<group>"; };
		DC63F44C1761895100229C43 /* img_hangup_shortbtn-hs.png */ = {isa = PBXFileReference; lastKnownFileType = image.png; path = "img_hangup_shortbtn-hs.png"; sourceTree = "<group>"; };
		DC63F44D1761895100229C43 /* img_hidekeyboardbtn-hs.png */ = {isa = PBXFileReference; lastKnownFileType = image.png; path = "img_hidekeyboardbtn-hs.png"; sourceTree = "<group>"; };
		DC63F4511761901E00229C43 /* img_hangup_longbtn-en.png */ = {isa = PBXFileReference; lastKnownFileType = image.png; path = "img_hangup_longbtn-en.png"; sourceTree = "<group>"; };
		DC63F4521761901E00229C43 /* img_hangup_shortbtn-en.png */ = {isa = PBXFileReference; lastKnownFileType = image.png; path = "img_hangup_shortbtn-en.png"; sourceTree = "<group>"; };
		DC63F4531761901E00229C43 /* img_hidekeyboardbtn-en.png */ = {isa = PBXFileReference; lastKnownFileType = image.png; path = "img_hidekeyboardbtn-en.png"; sourceTree = "<group>"; };
		DC63F4571761981900229C43 /* img_hangup_longbtn-ht.png */ = {isa = PBXFileReference; lastKnownFileType = image.png; path = "img_hangup_longbtn-ht.png"; sourceTree = "<group>"; };
		DC63F4581761981900229C43 /* img_hangup_shortbtn-ht.png */ = {isa = PBXFileReference; lastKnownFileType = image.png; path = "img_hangup_shortbtn-ht.png"; sourceTree = "<group>"; };
		DC63F4591761981900229C43 /* img_hidekeyboardbtn-ht.png */ = {isa = PBXFileReference; lastKnownFileType = image.png; path = "img_hidekeyboardbtn-ht.png"; sourceTree = "<group>"; };
		DC63F45D1761A4CA00229C43 /* img_callbtn-568h-en@2x.png */ = {isa = PBXFileReference; lastKnownFileType = image.png; path = "img_callbtn-568h-en@2x.png"; sourceTree = "<group>"; };
		DC63F45E1761A4CB00229C43 /* img_callbtn-568h-hs@2x.png */ = {isa = PBXFileReference; lastKnownFileType = image.png; path = "img_callbtn-568h-hs@2x.png"; sourceTree = "<group>"; };
		DC63F45F1761A4CC00229C43 /* img_callbtn-568h-ht@2x.png */ = {isa = PBXFileReference; lastKnownFileType = image.png; path = "img_callbtn-568h-ht@2x.png"; sourceTree = "<group>"; };
		DC63F4601761A4CC00229C43 /* img_callbtn-en.png */ = {isa = PBXFileReference; lastKnownFileType = image.png; path = "img_callbtn-en.png"; sourceTree = "<group>"; };
		DC63F4611761A4CD00229C43 /* img_callbtn-en@2x.png */ = {isa = PBXFileReference; lastKnownFileType = image.png; path = "img_callbtn-en@2x.png"; sourceTree = "<group>"; };
		DC63F4621761A4CE00229C43 /* img_callbtn-hs.png */ = {isa = PBXFileReference; lastKnownFileType = image.png; path = "img_callbtn-hs.png"; sourceTree = "<group>"; };
		DC63F4631761A4CE00229C43 /* img_callbtn-hs@2x.png */ = {isa = PBXFileReference; lastKnownFileType = image.png; path = "img_callbtn-hs@2x.png"; sourceTree = "<group>"; };
		DC63F4641761A4D000229C43 /* img_callbtn-ht.png */ = {isa = PBXFileReference; lastKnownFileType = image.png; path = "img_callbtn-ht.png"; sourceTree = "<group>"; };
		DC63F4651761A4D000229C43 /* img_callbtn-ht@2x.png */ = {isa = PBXFileReference; lastKnownFileType = image.png; path = "img_callbtn-ht@2x.png"; sourceTree = "<group>"; };
		DC63F46F1761ACCD00229C43 /* img_back4waitingcallbackcallbtn_bg.png */ = {isa = PBXFileReference; lastKnownFileType = image.png; path = img_back4waitingcallbackcallbtn_bg.png; sourceTree = "<group>"; };
		DC63F4711761B42600229C43 /* img_back4waitingcallbackcallbtn-en.png */ = {isa = PBXFileReference; lastKnownFileType = image.png; path = "img_back4waitingcallbackcallbtn-en.png"; sourceTree = "<group>"; };
		DC63F4721761B42700229C43 /* img_back4waitingcallbackcallbtn-hs.png */ = {isa = PBXFileReference; lastKnownFileType = image.png; path = "img_back4waitingcallbackcallbtn-hs.png"; sourceTree = "<group>"; };
		DC63F4731761B42800229C43 /* img_back4waitingcallbackcallbtn-ht.png */ = {isa = PBXFileReference; lastKnownFileType = image.png; path = "img_back4waitingcallbackcallbtn-ht.png"; sourceTree = "<group>"; };
		DC63F4771761BA3E00229C43 /* img_sendcallbackcall_failed.png */ = {isa = PBXFileReference; lastKnownFileType = image.png; path = img_sendcallbackcall_failed.png; sourceTree = "<group>"; };
		DC63F4781761BA3F00229C43 /* img_sendcallbackcall_succeed.png */ = {isa = PBXFileReference; lastKnownFileType = image.png; path = img_sendcallbackcall_succeed.png; sourceTree = "<group>"; };
		DC63F47C1761C9A800229C43 /* SipUtils.h */ = {isa = PBXFileReference; fileEncoding = 4; lastKnownFileType = sourcecode.c.h; name = SipUtils.h; path = Data/SipUtils.h; sourceTree = "<group>"; };
		DC63F47D1761C9A800229C43 /* SipUtils.m */ = {isa = PBXFileReference; fileEncoding = 4; lastKnownFileType = sourcecode.c.objc; name = SipUtils.m; path = Data/SipUtils.m; sourceTree = "<group>"; };
		DC63F4821761CC0B00229C43 /* ISipProtocol.h */ = {isa = PBXFileReference; fileEncoding = 4; lastKnownFileType = sourcecode.c.h; name = ISipProtocol.h; path = Controller/ISipProtocol.h; sourceTree = "<group>"; };
		DC63F4831761CCCE00229C43 /* SipBaseImplementation.h */ = {isa = PBXFileReference; fileEncoding = 4; lastKnownFileType = sourcecode.c.h; name = SipBaseImplementation.h; path = Controller/SipBaseImplementation.h; sourceTree = "<group>"; };
		DC63F4841761CCCE00229C43 /* SipBaseImplementation.m */ = {isa = PBXFileReference; fileEncoding = 4; lastKnownFileType = sourcecode.c.objc; name = SipBaseImplementation.m; path = Controller/SipBaseImplementation.m; sourceTree = "<group>"; };
		DC63F4861761CD0B00229C43 /* PJSipImplementation.h */ = {isa = PBXFileReference; fileEncoding = 4; lastKnownFileType = sourcecode.c.h; name = PJSipImplementation.h; path = Controller/PJSipImplementation.h; sourceTree = "<group>"; };
		DC63F4871761CD0B00229C43 /* PJSipImplementation.m */ = {isa = PBXFileReference; fileEncoding = 4; lastKnownFileType = sourcecode.c.objc; name = PJSipImplementation.m; path = Controller/PJSipImplementation.m; sourceTree = "<group>"; };
		DC63F4891761CD7F00229C43 /* SipInviteStateChangedProtocol.h */ = {isa = PBXFileReference; lastKnownFileType = sourcecode.c.h; name = SipInviteStateChangedProtocol.h; path = Controller/SipInviteStateChangedProtocol.h; sourceTree = "<group>"; };
		DC63F48A1761CDAA00229C43 /* SipRegistrationStateChangedProtocol.h */ = {isa = PBXFileReference; lastKnownFileType = sourcecode.c.h; name = SipRegistrationStateChangedProtocol.h; path = Controller/SipRegistrationStateChangedProtocol.h; sourceTree = "<group>"; };
		DC63F48B1761D2FD00229C43 /* SipRegistrationBean.h */ = {isa = PBXFileReference; fileEncoding = 4; lastKnownFileType = sourcecode.c.h; name = SipRegistrationBean.h; path = Data/SipRegistrationBean.h; sourceTree = "<group>"; };
		DC63F48C1761D2FE00229C43 /* SipRegistrationBean.m */ = {isa = PBXFileReference; fileEncoding = 4; lastKnownFileType = sourcecode.c.objc; name = SipRegistrationBean.m; path = Data/SipRegistrationBean.m; sourceTree = "<group>"; };
		DC63F48F1761DC8C00229C43 /* SipCallModeSelector.h */ = {isa = PBXFileReference; fileEncoding = 4; lastKnownFileType = sourcecode.c.h; name = SipCallModeSelector.h; path = Controller/SipCallModeSelector.h; sourceTree = "<group>"; };
		DC63F4901761DC8C00229C43 /* SipCallModeSelector.m */ = {isa = PBXFileReference; fileEncoding = 4; lastKnownFileType = sourcecode.c.objc; name = SipCallModeSelector.m; path = Controller/SipCallModeSelector.m; sourceTree = "<group>"; };
		DC756B841752EE4000F287FA /* Default-568h@2x.png */ = {isa = PBXFileReference; lastKnownFileType = image.png; name = "Default-568h@2x.png"; path = "ChineseTelephone/Resources/Splashes/Default-568h@2x.png"; sourceTree = SOURCE_ROOT; };
		DC756B851752EE4000F287FA /* Default.png */ = {isa = PBXFileReference; lastKnownFileType = image.png; name = Default.png; path = ChineseTelephone/Resources/Splashes/Default.png; sourceTree = SOURCE_ROOT; };
		DC756B861752EE4000F287FA /* Default@2x.png */ = {isa = PBXFileReference; lastKnownFileType = image.png; name = "Default@2x.png"; path = "ChineseTelephone/Resources/Splashes/Default@2x.png"; sourceTree = SOURCE_ROOT; };
		DC75F5ED175F16B500A17B5A /* SipCallMode.h */ = {isa = PBXFileReference; lastKnownFileType = sourcecode.c.h; name = SipCallMode.h; path = Data/SipCallMode.h; sourceTree = "<group>"; };
		DC75F5EE175F16C100A17B5A /* OutgoingCallGenerator.h */ = {isa = PBXFileReference; fileEncoding = 4; lastKnownFileType = sourcecode.c.h; name = OutgoingCallGenerator.h; path = Controller/OutgoingCallGenerator.h; sourceTree = "<group>"; };
		DC75F5EF175F16C100A17B5A /* OutgoingCallGenerator.m */ = {isa = PBXFileReference; fileEncoding = 4; lastKnownFileType = sourcecode.c.objc; name = OutgoingCallGenerator.m; path = Controller/OutgoingCallGenerator.m; sourceTree = "<group>"; };
		DC75F5F1175F32B400A17B5A /* img_outgoingcall_footerview_bg.png */ = {isa = PBXFileReference; lastKnownFileType = image.png; path = img_outgoingcall_footerview_bg.png; sourceTree = "<group>"; };
		DC75F5F2175F32B400A17B5A /* img_outgoingcall_footerview_bg@2x.png */ = {isa = PBXFileReference; lastKnownFileType = image.png; path = "img_outgoingcall_footerview_bg@2x.png"; sourceTree = "<group>"; };
		DC75F5F3175F32B400A17B5A /* img_outgoingcall_headerview_bg.png */ = {isa = PBXFileReference; lastKnownFileType = image.png; path = img_outgoingcall_headerview_bg.png; sourceTree = "<group>"; };
		DC75F5F4175F32B400A17B5A /* img_outgoingcall_headerview_bg@2x.png */ = {isa = PBXFileReference; lastKnownFileType = image.png; path = "img_outgoingcall_headerview_bg@2x.png"; sourceTree = "<group>"; };
		DC857516174E10E0008D8B76 /* AddressBook.framework */ = {isa = PBXFileReference; lastKnownFileType = wrapper.framework; name = AddressBook.framework; path = System/Library/Frameworks/AddressBook.framework; sourceTree = SDKROOT; };
		DC857518174E10E9008D8B76 /* CFNetwork.framework */ = {isa = PBXFileReference; lastKnownFileType = wrapper.framework; name = CFNetwork.framework; path = System/Library/Frameworks/CFNetwork.framework; sourceTree = SDKROOT; };
		DC85751A174E10F1008D8B76 /* SystemConfiguration.framework */ = {isa = PBXFileReference; lastKnownFileType = wrapper.framework; name = SystemConfiguration.framework; path = System/Library/Frameworks/SystemConfiguration.framework; sourceTree = SDKROOT; };
		DC85751C174E10F9008D8B76 /* MobileCoreServices.framework */ = {isa = PBXFileReference; lastKnownFileType = wrapper.framework; name = MobileCoreServices.framework; path = System/Library/Frameworks/MobileCoreServices.framework; sourceTree = SDKROOT; };
		DC85751E174E1106008D8B76 /* libz.dylib */ = {isa = PBXFileReference; lastKnownFileType = "compiled.mach-o.dylib"; name = libz.dylib; path = usr/lib/libz.dylib; sourceTree = SDKROOT; };
		DC857520174E1110008D8B76 /* libicucore.dylib */ = {isa = PBXFileReference; lastKnownFileType = "compiled.mach-o.dylib"; name = libicucore.dylib; path = usr/lib/libicucore.dylib; sourceTree = SDKROOT; };
		DC857522174E111B008D8B76 /* CoreText.framework */ = {isa = PBXFileReference; lastKnownFileType = wrapper.framework; name = CoreText.framework; path = System/Library/Frameworks/CoreText.framework; sourceTree = SDKROOT; };
		DC857524174E112E008D8B76 /* CommonToolkit.framework */ = {isa = PBXFileReference; lastKnownFileType = wrapper.framework; name = CommonToolkit.framework; path = ChineseTelephone/OtherFrameworks/CommonToolkit.framework; sourceTree = "<group>"; };
		DC8A52CE17558C5F00B22630 /* MoreTabContentViewController.h */ = {isa = PBXFileReference; fileEncoding = 4; lastKnownFileType = sourcecode.c.h; name = MoreTabContentViewController.h; path = ViewControllers/MoreTabContentViewController.h; sourceTree = "<group>"; };
		DC8A52CF17558C5F00B22630 /* MoreTabContentViewController.m */ = {isa = PBXFileReference; fileEncoding = 4; lastKnownFileType = sourcecode.c.objc; name = MoreTabContentViewController.m; path = ViewControllers/MoreTabContentViewController.m; sourceTree = "<group>"; };
		DC8A52D117558C7C00B22630 /* DialTabContentViewController.h */ = {isa = PBXFileReference; fileEncoding = 4; lastKnownFileType = sourcecode.c.h; name = DialTabContentViewController.h; path = ViewControllers/DialTabContentViewController.h; sourceTree = "<group>"; };
		DC8A52D217558C7C00B22630 /* DialTabContentViewController.m */ = {isa = PBXFileReference; fileEncoding = 4; lastKnownFileType = sourcecode.c.objc; name = DialTabContentViewController.m; path = ViewControllers/DialTabContentViewController.m; sourceTree = "<group>"; };
		DC8A52D417558CA100B22630 /* CallRecordHistoryListTabContentViewController.h */ = {isa = PBXFileReference; fileEncoding = 4; lastKnownFileType = sourcecode.c.h; name = CallRecordHistoryListTabContentViewController.h; path = ViewControllers/CallRecordHistoryListTabContentViewController.h; sourceTree = "<group>"; };
		DC8A52D517558CA100B22630 /* CallRecordHistoryListTabContentViewController.m */ = {isa = PBXFileReference; fileEncoding = 4; lastKnownFileType = sourcecode.c.objc; name = CallRecordHistoryListTabContentViewController.m; path = ViewControllers/CallRecordHistoryListTabContentViewController.m; sourceTree = "<group>"; };
		DC8A52D717558CBD00B22630 /* ContactListTabContentViewController.h */ = {isa = PBXFileReference; fileEncoding = 4; lastKnownFileType = sourcecode.c.h; name = ContactListTabContentViewController.h; path = ViewControllers/ContactListTabContentViewController.h; sourceTree = "<group>"; };
		DC8A52D817558CBD00B22630 /* ContactListTabContentViewController.m */ = {isa = PBXFileReference; fileEncoding = 4; lastKnownFileType = sourcecode.c.objc; name = ContactListTabContentViewController.m; path = ViewControllers/ContactListTabContentViewController.m; sourceTree = "<group>"; };
		DC8A52DB175600E900B22630 /* img_dialnumber7ownnershiplabel_bg.png */ = {isa = PBXFileReference; lastKnownFileType = image.png; path = img_dialnumber7ownnershiplabel_bg.png; sourceTree = "<group>"; };
		DC8A52DC175600E900B22630 /* img_dialnumber7ownnershiplabel_bg@2x.png */ = {isa = PBXFileReference; lastKnownFileType = image.png; path = "img_dialnumber7ownnershiplabel_bg@2x.png"; sourceTree = "<group>"; };
		DC8E17D4175F899900BF8014 /* OutgoingCallControllerButton.h */ = {isa = PBXFileReference; fileEncoding = 4; lastKnownFileType = sourcecode.c.h; path = OutgoingCallControllerButton.h; sourceTree = "<group>"; };
		DC8E17D5175F899900BF8014 /* OutgoingCallControllerButton.m */ = {isa = PBXFileReference; fileEncoding = 4; lastKnownFileType = sourcecode.c.objc; path = OutgoingCallControllerButton.m; sourceTree = "<group>"; };
		DC8F3D541758EB5800EF6F78 /* OutgoingCallViewController.h */ = {isa = PBXFileReference; fileEncoding = 4; lastKnownFileType = sourcecode.c.h; name = OutgoingCallViewController.h; path = ViewControllers/OutgoingCallViewController.h; sourceTree = "<group>"; };
		DC8F3D551758EB5800EF6F78 /* OutgoingCallViewController.m */ = {isa = PBXFileReference; fileEncoding = 4; lastKnownFileType = sourcecode.c.objc; name = OutgoingCallViewController.m; path = ViewControllers/OutgoingCallViewController.m; sourceTree = "<group>"; };
		DC8F3D571758EB8600EF6F78 /* OutgoingCallView.h */ = {isa = PBXFileReference; fileEncoding = 4; lastKnownFileType = sourcecode.c.h; name = OutgoingCallView.h; path = Views/OutgoingCallView.h; sourceTree = "<group>"; };
		DC8F3D581758EB8600EF6F78 /* OutgoingCallView.m */ = {isa = PBXFileReference; fileEncoding = 4; lastKnownFileType = sourcecode.c.objc; name = OutgoingCallView.m; path = Views/OutgoingCallView.m; sourceTree = "<group>"; };
		DC8F3D5C1758EE4600EF6F78 /* en */ = {isa = PBXFileReference; lastKnownFileType = text.plist.strings; name = en; path = Internationalization/en.lproj/Localizable.strings; sourceTree = "<group>"; };
		DC8F3D5E1758EE4D00EF6F78 /* zh-Hans */ = {isa = PBXFileReference; lastKnownFileType = text.plist.strings; name = "zh-Hans"; path = "Internationalization/zh-Hans.lproj/Localizable.strings"; sourceTree = "<group>"; };
		DC8F3D5F1758EE5400EF6F78 /* zh-Hant */ = {isa = PBXFileReference; lastKnownFileType = text.plist.strings; name = "zh-Hant"; path = "Internationalization/zh-Hant.lproj/Localizable.strings"; sourceTree = "<group>"; };
		DC8F3D611758EED200EF6F78 /* en */ = {isa = PBXFileReference; lastKnownFileType = text.plist.strings; name = en; path = Internationalization/en.lproj/Toast.strings; sourceTree = "<group>"; };
		DC8F3D631758EEF400EF6F78 /* zh-Hans */ = {isa = PBXFileReference; lastKnownFileType = text.plist.strings; name = "zh-Hans"; path = "Internationalization/zh-Hans.lproj/Toast.strings"; sourceTree = "<group>"; };
		DC8F3D641758EEFB00EF6F78 /* zh-Hant */ = {isa = PBXFileReference; lastKnownFileType = text.plist.strings; name = "zh-Hant"; path = "Internationalization/zh-Hant.lproj/Toast.strings"; sourceTree = "<group>"; };
		DC953B6A174F138B006F5AB0 /* img_tab_callrecord.png */ = {isa = PBXFileReference; lastKnownFileType = image.png; path = img_tab_callrecord.png; sourceTree = "<group>"; };
		DC953B6B174F138B006F5AB0 /* img_tab_callrecord@2x.png */ = {isa = PBXFileReference; lastKnownFileType = image.png; path = "img_tab_callrecord@2x.png"; sourceTree = "<group>"; };
		DC953B6C174F138B006F5AB0 /* img_tab_contactlist.png */ = {isa = PBXFileReference; lastKnownFileType = image.png; path = img_tab_contactlist.png; sourceTree = "<group>"; };
		DC953B6D174F138B006F5AB0 /* img_tab_contactlist@2x.png */ = {isa = PBXFileReference; lastKnownFileType = image.png; path = "img_tab_contactlist@2x.png"; sourceTree = "<group>"; };
		DC953B6E174F138B006F5AB0 /* img_tab_dial.png */ = {isa = PBXFileReference; lastKnownFileType = image.png; path = img_tab_dial.png; sourceTree = "<group>"; };
		DC953B6F174F138B006F5AB0 /* img_tab_dial@2x.png */ = {isa = PBXFileReference; lastKnownFileType = image.png; path = "img_tab_dial@2x.png"; sourceTree = "<group>"; };
		DC953B7B174F3488006F5AB0 /* ContactListTabContentView.h */ = {isa = PBXFileReference; fileEncoding = 4; lastKnownFileType = sourcecode.c.h; name = ContactListTabContentView.h; path = Views/ContactListTabContentView.h; sourceTree = "<group>"; };
		DC953B7C174F3488006F5AB0 /* ContactListTabContentView.m */ = {isa = PBXFileReference; fileEncoding = 4; lastKnownFileType = sourcecode.c.objc; name = ContactListTabContentView.m; path = Views/ContactListTabContentView.m; sourceTree = "<group>"; };
		DC953B7F174F3A4A006F5AB0 /* CallRecordHistoryListTabContentView.h */ = {isa = PBXFileReference; fileEncoding = 4; lastKnownFileType = sourcecode.c.h; name = CallRecordHistoryListTabContentView.h; path = Views/CallRecordHistoryListTabContentView.h; sourceTree = "<group>"; };
		DC953B80174F3A4A006F5AB0 /* CallRecordHistoryListTabContentView.m */ = {isa = PBXFileReference; fileEncoding = 4; lastKnownFileType = sourcecode.c.objc; name = CallRecordHistoryListTabContentView.m; path = Views/CallRecordHistoryListTabContentView.m; sourceTree = "<group>"; };
		DC953B83174F4361006F5AB0 /* MoreTabContentView.h */ = {isa = PBXFileReference; fileEncoding = 4; lastKnownFileType = sourcecode.c.h; name = MoreTabContentView.h; path = Views/MoreTabContentView.h; sourceTree = "<group>"; };
		DC953B84174F4361006F5AB0 /* MoreTabContentView.m */ = {isa = PBXFileReference; fileEncoding = 4; lastKnownFileType = sourcecode.c.objc; name = MoreTabContentView.m; path = Views/MoreTabContentView.m; sourceTree = "<group>"; };
		DC953B87174F4580006F5AB0 /* DialTabContentView.h */ = {isa = PBXFileReference; fileEncoding = 4; lastKnownFileType = sourcecode.c.h; name = DialTabContentView.h; path = Views/DialTabContentView.h; sourceTree = "<group>"; };
		DC953B88174F4580006F5AB0 /* DialTabContentView.m */ = {isa = PBXFileReference; fileEncoding = 4; lastKnownFileType = sourcecode.c.objc; name = DialTabContentView.m; path = Views/DialTabContentView.m; sourceTree = "<group>"; };
		DC953B8A174F4C18006F5AB0 /* ContactListTableViewCell.h */ = {isa = PBXFileReference; fileEncoding = 4; lastKnownFileType = sourcecode.c.h; name = ContactListTableViewCell.h; path = Views/ContactListTableViewCell.h; sourceTree = "<group>"; };
		DC953B8B174F4C19006F5AB0 /* ContactListTableViewCell.m */ = {isa = PBXFileReference; fileEncoding = 4; lastKnownFileType = sourcecode.c.objc; name = ContactListTableViewCell.m; path = Views/ContactListTableViewCell.m; sourceTree = "<group>"; };
		DC953B8D174F5228006F5AB0 /* img_default_avatar.png */ = {isa = PBXFileReference; lastKnownFileType = image.png; path = img_default_avatar.png; sourceTree = "<group>"; };
		DCEB1C861760493900A603F7 /* img_callcontroller_speakerbtn.png */ = {isa = PBXFileReference; lastKnownFileType = image.png; path = img_callcontroller_speakerbtn.png; sourceTree = "<group>"; };
		DCEB1C871760493900A603F7 /* img_callcontroller_keyboardbtn.png */ = {isa = PBXFileReference; lastKnownFileType = image.png; path = img_callcontroller_keyboardbtn.png; sourceTree = "<group>"; };
		DCEB1C881760493900A603F7 /* img_callcontroller_mutebtn-568h@2x.png */ = {isa = PBXFileReference; lastKnownFileType = image.png; path = "img_callcontroller_mutebtn-568h@2x.png"; sourceTree = "<group>"; };
		DCEB1C8D176053DD00A603F7 /* img_callcontroller_keyboardbtn@2x.png */ = {isa = PBXFileReference; lastKnownFileType = image.png; path = "img_callcontroller_keyboardbtn@2x.png"; sourceTree = "<group>"; };
		DCEB1C8F176055B700A603F7 /* img_callcontroller_keyboardbtn-568h@2x.png */ = {isa = PBXFileReference; lastKnownFileType = image.png; path = "img_callcontroller_keyboardbtn-568h@2x.png"; sourceTree = "<group>"; };
		DCEB1C93176064CC00A603F7 /* img_callcontroller_contactsbtn@2x.png */ = {isa = PBXFileReference; lastKnownFileType = image.png; path = "img_callcontroller_contactsbtn@2x.png"; sourceTree = "<group>"; };
		DCEB1C95176064DA00A603F7 /* img_callcontroller_contactsbtn-568h@2x.png */ = {isa = PBXFileReference; lastKnownFileType = image.png; path = "img_callcontroller_contactsbtn-568h@2x.png"; sourceTree = "<group>"; };
		DCEB1C96176064DA00A603F7 /* img_callcontroller_contactsbtn.png */ = {isa = PBXFileReference; lastKnownFileType = image.png; path = img_callcontroller_contactsbtn.png; sourceTree = "<group>"; };
		DCEB1C97176064DA00A603F7 /* img_callcontroller_speakerbtn-568h@2x.png */ = {isa = PBXFileReference; lastKnownFileType = image.png; path = "img_callcontroller_speakerbtn-568h@2x.png"; sourceTree = "<group>"; };
		DCEB1C98176064DA00A603F7 /* img_callcontroller_speakerbtn@2x.png */ = {isa = PBXFileReference; lastKnownFileType = image.png; path = "img_callcontroller_speakerbtn@2x.png"; sourceTree = "<group>"; };
		DCEB1C99176064DB00A603F7 /* img_callcontroller_mutebtn.png */ = {isa = PBXFileReference; lastKnownFileType = image.png; path = img_callcontroller_mutebtn.png; sourceTree = "<group>"; };
		DCEB1C9A176064DB00A603F7 /* img_callcontroller_mutebtn@2x.png */ = {isa = PBXFileReference; lastKnownFileType = image.png; path = "img_callcontroller_mutebtn@2x.png"; sourceTree = "<group>"; };
		DCEB1CA11760699B00A603F7 /* img_callcontrollerbtn_highlighted_bg.png */ = {isa = PBXFileReference; lastKnownFileType = image.png; path = img_callcontrollerbtn_highlighted_bg.png; sourceTree = "<group>"; };
		DCEB1CA21760699C00A603F7 /* img_callcontrollerbtn_normal_bg.png */ = {isa = PBXFileReference; lastKnownFileType = image.png; path = img_callcontrollerbtn_normal_bg.png; sourceTree = "<group>"; };
		DCEB1CA517607E3200A603F7 /* img_hangup_longbtn_bg.png */ = {isa = PBXFileReference; lastKnownFileType = image.png; path = img_hangup_longbtn_bg.png; sourceTree = "<group>"; };
		DCEB1CA617607E3200A603F7 /* img_hangup_shortbtn_bg.png */ = {isa = PBXFileReference; lastKnownFileType = image.png; path = img_hangup_shortbtn_bg.png; sourceTree = "<group>"; };
		DCEB1CA717607E3300A603F7 /* img_hidekeyboardbtn_highlighted_bg.png */ = {isa = PBXFileReference; lastKnownFileType = image.png; path = img_hidekeyboardbtn_highlighted_bg.png; sourceTree = "<group>"; };
		DCEB1CA817607E3400A603F7 /* img_hidekeyboardbtn_normal_bg.png */ = {isa = PBXFileReference; lastKnownFileType = image.png; path = img_hidekeyboardbtn_normal_bg.png; sourceTree = "<group>"; };
		DCEF2E31175642B50004E52F /* img_dialnumber7ownnershiplabel_bg-568h@2x.png */ = {isa = PBXFileReference; lastKnownFileType = image.png; path = "img_dialnumber7ownnershiplabel_bg-568h@2x.png"; sourceTree = "<group>"; };
/* End PBXFileReference section */

/* Begin PBXFrameworksBuildPhase section */
		DC6300C1174C78FD00C132C2 /* Frameworks */ = {
			isa = PBXFrameworksBuildPhase;
			buildActionMask = 2147483647;
			files = (
				DC857525174E112E008D8B76 /* CommonToolkit.framework in Frameworks */,
				DC857523174E111B008D8B76 /* CoreText.framework in Frameworks */,
				DC857521174E1110008D8B76 /* libicucore.dylib in Frameworks */,
				DC85751F174E1106008D8B76 /* libz.dylib in Frameworks */,
				DC85751D174E10F9008D8B76 /* MobileCoreServices.framework in Frameworks */,
				DC85751B174E10F1008D8B76 /* SystemConfiguration.framework in Frameworks */,
				DC857519174E10E9008D8B76 /* CFNetwork.framework in Frameworks */,
				DC857517174E10E0008D8B76 /* AddressBook.framework in Frameworks */,
				DC6300C8174C78FD00C132C2 /* UIKit.framework in Frameworks */,
				DC6300CA174C78FD00C132C2 /* Foundation.framework in Frameworks */,
				DC6300CC174C78FD00C132C2 /* CoreGraphics.framework in Frameworks */,
			);
			runOnlyForDeploymentPostprocessing = 0;
		};
/* End PBXFrameworksBuildPhase section */

/* Begin PBXGroup section */
		DC6300BB174C78FD00C132C2 = {
			isa = PBXGroup;
			children = (
				DC6300CD174C78FD00C132C2 /* ChineseTelephone */,
				DC6300C6174C78FD00C132C2 /* Frameworks */,
				DC6300C5174C78FD00C132C2 /* Products */,
			);
			sourceTree = "<group>";
		};
		DC6300C5174C78FD00C132C2 /* Products */ = {
			isa = PBXGroup;
			children = (
				DC6300C4174C78FD00C132C2 /* ChineseTelephone.app */,
			);
			name = Products;
			sourceTree = "<group>";
		};
		DC6300C6174C78FD00C132C2 /* Frameworks */ = {
			isa = PBXGroup;
			children = (
				DC857520174E1110008D8B76 /* libicucore.dylib */,
				DC85751E174E1106008D8B76 /* libz.dylib */,
				DC857516174E10E0008D8B76 /* AddressBook.framework */,
				DC857518174E10E9008D8B76 /* CFNetwork.framework */,
				DC857524174E112E008D8B76 /* CommonToolkit.framework */,
				DC6300CB174C78FD00C132C2 /* CoreGraphics.framework */,
				DC857522174E111B008D8B76 /* CoreText.framework */,
				DC6300C9174C78FD00C132C2 /* Foundation.framework */,
				DC85751C174E10F9008D8B76 /* MobileCoreServices.framework */,
				DC85751A174E10F1008D8B76 /* SystemConfiguration.framework */,
				DC6300C7174C78FD00C132C2 /* UIKit.framework */,
			);
			name = Frameworks;
			sourceTree = "<group>";
		};
		DC6300CD174C78FD00C132C2 /* ChineseTelephone */ = {
			isa = PBXGroup;
			children = (
				DC857526174E14CD008D8B76 /* App */,
				DC6300D6174C78FD00C132C2 /* AppDelegate.h */,
				DC6300D7174C78FD00C132C2 /* AppDelegate.m */,
				DC8E17D3175F895600BF8014 /* CustomComponents */,
				DC63011C174CA2A300C132C2 /* Resources */,
				DC6300CE174C78FD00C132C2 /* Supporting Files */,
			);
			path = ChineseTelephone;
			sourceTree = "<group>";
		};
		DC6300CE174C78FD00C132C2 /* Supporting Files */ = {
			isa = PBXGroup;
			children = (
				DC6300CF174C78FD00C132C2 /* ChineseTelephone-Info.plist */,
				DC6300D5174C78FD00C132C2 /* ChineseTelephone-Prefix.pch */,
				DC630138174CA64800C132C2 /* InfoPlist.strings */,
				DC6300D3174C78FD00C132C2 /* main.m */,
			);
			name = "Supporting Files";
			sourceTree = "<group>";
		};
		DC63011C174CA2A300C132C2 /* Resources */ = {
			isa = PBXGroup;
			children = (
				DC63011D174CA2A300C132C2 /* Bundles */,
				DC630120174CA2A300C132C2 /* Icons */,
				DC630121174CA2A300C132C2 /* Images */,
				DC8F3D5A1758EE2D00EF6F78 /* Internationalization */,
				DC630122174CA2A300C132C2 /* Splashes */,
			);
			path = Resources;
			sourceTree = "<group>";
		};
		DC63011D174CA2A300C132C2 /* Bundles */ = {
			isa = PBXGroup;
			children = (
				DC63011E174CA2A300C132C2 /* CommonToolkitBundle.bundle */,
				DC63011F174CA2A300C132C2 /* Pinyin4jBundle.bundle */,
			);
			path = Bundles;
			sourceTree = "<group>";
		};
		DC630120174CA2A300C132C2 /* Icons */ = {
			isa = PBXGroup;
			children = (
			);
			path = Icons;
			sourceTree = "<group>";
		};
		DC630121174CA2A300C132C2 /* Images */ = {
			isa = PBXGroup;
			children = (
				DC620BA91757391A00FEEC5A /* img_addnewcontact6cleardialnumber_btn_normal_bg.png */,
				DC63F4711761B42600229C43 /* img_back4waitingcallbackcallbtn-en.png */,
				DC63F4721761B42700229C43 /* img_back4waitingcallbackcallbtn-hs.png */,
				DC63F4731761B42800229C43 /* img_back4waitingcallbackcallbtn-ht.png */,
				DC63F46F1761ACCD00229C43 /* img_back4waitingcallbackcallbtn_bg.png */,
				DC63F45D1761A4CA00229C43 /* img_callbtn-568h-en@2x.png */,
				DC63F45E1761A4CB00229C43 /* img_callbtn-568h-hs@2x.png */,
				DC63F45F1761A4CC00229C43 /* img_callbtn-568h-ht@2x.png */,
				DC63F4601761A4CC00229C43 /* img_callbtn-en.png */,
				DC63F4611761A4CD00229C43 /* img_callbtn-en@2x.png */,
				DC63F4621761A4CE00229C43 /* img_callbtn-hs.png */,
				DC63F4631761A4CE00229C43 /* img_callbtn-hs@2x.png */,
				DC63F4641761A4D000229C43 /* img_callbtn-ht.png */,
				DC63F4651761A4D000229C43 /* img_callbtn-ht@2x.png */,
				DC620BB01757402F00FEEC5A /* img_callbtn_highlighted_bg.png */,
				DC620BB11757402F00FEEC5A /* img_callbtn_normal_bg.png */,
				DCEB1C95176064DA00A603F7 /* img_callcontroller_contactsbtn-568h@2x.png */,
				DCEB1C96176064DA00A603F7 /* img_callcontroller_contactsbtn.png */,
				DCEB1C93176064CC00A603F7 /* img_callcontroller_contactsbtn@2x.png */,
				DCEB1C8F176055B700A603F7 /* img_callcontroller_keyboardbtn-568h@2x.png */,
				DCEB1C871760493900A603F7 /* img_callcontroller_keyboardbtn.png */,
				DCEB1C8D176053DD00A603F7 /* img_callcontroller_keyboardbtn@2x.png */,
				DCEB1C881760493900A603F7 /* img_callcontroller_mutebtn-568h@2x.png */,
				DCEB1C99176064DB00A603F7 /* img_callcontroller_mutebtn.png */,
				DCEB1C9A176064DB00A603F7 /* img_callcontroller_mutebtn@2x.png */,
				DCEB1C97176064DA00A603F7 /* img_callcontroller_speakerbtn-568h@2x.png */,
				DCEB1C861760493900A603F7 /* img_callcontroller_speakerbtn.png */,
				DCEB1C98176064DA00A603F7 /* img_callcontroller_speakerbtn@2x.png */,
				DCEB1CA11760699B00A603F7 /* img_callcontrollerbtn_highlighted_bg.png */,
				DCEB1CA21760699C00A603F7 /* img_callcontrollerbtn_normal_bg.png */,
				DC5ED29F17587C8D002B5B81 /* img_cleardialphone_btn-568h@2x.png */,
				DC620BA41757349F00FEEC5A /* img_cleardialphone_btn.png */,
				DC5ED2A017587C8D002B5B81 /* img_cleardialphone_btn@2x.png */,
				DC953B8D174F5228006F5AB0 /* img_default_avatar.png */,
				DC5ED2A517587E78002B5B81 /* img_dial_0_btn-568h@2x.png */,
				DC620BB4175745CA00FEEC5A /* img_dial_0_btn.png */,
				DC5ED2A617587E78002B5B81 /* img_dial_0_btn@2x.png */,
				DC5ED2A91758A670002B5B81 /* img_dial_1_btn-568h@2x.png */,
				DC620BB5175745CA00FEEC5A /* img_dial_1_btn.png */,
				DC5ED2AA1758A670002B5B81 /* img_dial_1_btn@2x.png */,
				DC5ED2AB1758A670002B5B81 /* img_dial_2_btn-568h@2x.png */,
				DC620BB6175745CA00FEEC5A /* img_dial_2_btn.png */,
				DC5ED2AC1758A670002B5B81 /* img_dial_2_btn@2x.png */,
				DC5ED2AD1758A670002B5B81 /* img_dial_3_btn-568h@2x.png */,
				DC620BB7175745CB00FEEC5A /* img_dial_3_btn.png */,
				DC5ED2AE1758A670002B5B81 /* img_dial_3_btn@2x.png */,
				DC5ED2AF1758A670002B5B81 /* img_dial_4_btn-568h@2x.png */,
				DC620BB8175745CB00FEEC5A /* img_dial_4_btn.png */,
				DC5ED2B01758A670002B5B81 /* img_dial_4_btn@2x.png */,
				DC5ED2B11758A670002B5B81 /* img_dial_5_btn-568h@2x.png */,
				DC620BB9175745CB00FEEC5A /* img_dial_5_btn.png */,
				DC5ED2B21758A670002B5B81 /* img_dial_5_btn@2x.png */,
				DC5ED2B31758A670002B5B81 /* img_dial_6_btn-568h@2x.png */,
				DC620BBA175745CB00FEEC5A /* img_dial_6_btn.png */,
				DC5ED2B41758A670002B5B81 /* img_dial_6_btn@2x.png */,
				DC5ED2B51758A670002B5B81 /* img_dial_7_btn-568h@2x.png */,
				DC620BBB175745CB00FEEC5A /* img_dial_7_btn.png */,
				DC5ED2B61758A670002B5B81 /* img_dial_7_btn@2x.png */,
				DC5ED2B71758A670002B5B81 /* img_dial_8_btn-568h@2x.png */,
				DC620BBC175745CB00FEEC5A /* img_dial_8_btn.png */,
				DC5ED2B81758A670002B5B81 /* img_dial_8_btn@2x.png */,
				DC5ED2B91758A670002B5B81 /* img_dial_9_btn-568h@2x.png */,
				DC620BBD175745CC00FEEC5A /* img_dial_9_btn.png */,
				DC5ED2BA1758A670002B5B81 /* img_dial_9_btn@2x.png */,
				DC5ED2BB1758A670002B5B81 /* img_dial_pound_btn-568h@2x.png */,
				DC620BBE175745CC00FEEC5A /* img_dial_pound_btn.png */,
				DC5ED2BC1758A670002B5B81 /* img_dial_pound_btn@2x.png */,
				DC5ED2BD1758A670002B5B81 /* img_dial_star_btn-568h@2x.png */,
				DC620BBF175745CC00FEEC5A /* img_dial_star_btn.png */,
				DC5ED2BE1758A670002B5B81 /* img_dial_star_btn@2x.png */,
				DC620BA81757391A00FEEC5A /* img_dialbtn_highlighted_bg.png */,
				DC620BAE17573DFC00FEEC5A /* img_dialbtn_normal_bg.png */,
				DCEF2E31175642B50004E52F /* img_dialnumber7ownnershiplabel_bg-568h@2x.png */,
				DC8A52DB175600E900B22630 /* img_dialnumber7ownnershiplabel_bg.png */,
				DC8A52DC175600E900B22630 /* img_dialnumber7ownnershiplabel_bg@2x.png */,
				DC63F4511761901E00229C43 /* img_hangup_longbtn-en.png */,
				DC63F44B1761895100229C43 /* img_hangup_longbtn-hs.png */,
				DC63F4571761981900229C43 /* img_hangup_longbtn-ht.png */,
				DCEB1CA517607E3200A603F7 /* img_hangup_longbtn_bg.png */,
				DC63F4521761901E00229C43 /* img_hangup_shortbtn-en.png */,
				DC63F44C1761895100229C43 /* img_hangup_shortbtn-hs.png */,
				DC63F4581761981900229C43 /* img_hangup_shortbtn-ht.png */,
				DCEB1CA617607E3200A603F7 /* img_hangup_shortbtn_bg.png */,
				DC63F4531761901E00229C43 /* img_hidekeyboardbtn-en.png */,
				DC63F44D1761895100229C43 /* img_hidekeyboardbtn-hs.png */,
				DC63F4591761981900229C43 /* img_hidekeyboardbtn-ht.png */,
				DCEB1CA717607E3300A603F7 /* img_hidekeyboardbtn_highlighted_bg.png */,
				DCEB1CA817607E3400A603F7 /* img_hidekeyboardbtn_normal_bg.png */,
				DC5ED29917587BE4002B5B81 /* img_newcontact_btn-568h@2x.png */,
				DC620BA51757349F00FEEC5A /* img_newcontact_btn.png */,
				DC5ED29A17587BE4002B5B81 /* img_newcontact_btn@2x.png */,
				DC75F5F1175F32B400A17B5A /* img_outgoingcall_footerview_bg.png */,
				DC75F5F2175F32B400A17B5A /* img_outgoingcall_footerview_bg@2x.png */,
				DC75F5F3175F32B400A17B5A /* img_outgoingcall_headerview_bg.png */,
				DC75F5F4175F32B400A17B5A /* img_outgoingcall_headerview_bg@2x.png */,
				DC63F4771761BA3E00229C43 /* img_sendcallbackcall_failed.png */,
				DC63F4781761BA3F00229C43 /* img_sendcallbackcall_succeed.png */,
				DC953B6A174F138B006F5AB0 /* img_tab_callrecord.png */,
				DC953B6B174F138B006F5AB0 /* img_tab_callrecord@2x.png */,
				DC953B6C174F138B006F5AB0 /* img_tab_contactlist.png */,
				DC953B6D174F138B006F5AB0 /* img_tab_contactlist@2x.png */,
				DC953B6E174F138B006F5AB0 /* img_tab_dial.png */,
				DC953B6F174F138B006F5AB0 /* img_tab_dial@2x.png */,
			);
			path = Images;
			sourceTree = "<group>";
		};
		DC630122174CA2A300C132C2 /* Splashes */ = {
			isa = PBXGroup;
			children = (
				DC756B841752EE4000F287FA /* Default-568h@2x.png */,
				DC756B851752EE4000F287FA /* Default.png */,
				DC756B861752EE4000F287FA /* Default@2x.png */,
			);
			name = Splashes;
			path = Splash;
			sourceTree = "<group>";
		};
		DC63F47B1761C94900229C43 /* Sip */ = {
			isa = PBXGroup;
			children = (
				DC63F4811761CBB500229C43 /* Listeners */,
				DC63F4801761CBA400229C43 /* Services */,
				DC63F48B1761D2FD00229C43 /* SipRegistrationBean.h */,
				DC63F48C1761D2FE00229C43 /* SipRegistrationBean.m */,
				DC63F47C1761C9A800229C43 /* SipUtils.h */,
				DC63F47D1761C9A800229C43 /* SipUtils.m */,
			);
			name = Sip;
			sourceTree = "<group>";
		};
		DC63F4801761CBA400229C43 /* Services */ = {
			isa = PBXGroup;
			children = (
				DC63F4821761CC0B00229C43 /* ISipProtocol.h */,
				DC63F4861761CD0B00229C43 /* PJSipImplementation.h */,
				DC63F4871761CD0B00229C43 /* PJSipImplementation.m */,
				DC63F4831761CCCE00229C43 /* SipBaseImplementation.h */,
				DC63F4841761CCCE00229C43 /* SipBaseImplementation.m */,
			);
			name = Services;
			sourceTree = "<group>";
		};
		DC63F4811761CBB500229C43 /* Listeners */ = {
			isa = PBXGroup;
			children = (
				DC63F4891761CD7F00229C43 /* SipInviteStateChangedProtocol.h */,
				DC63F48A1761CDAA00229C43 /* SipRegistrationStateChangedProtocol.h */,
			);
			name = Listeners;
			sourceTree = "<group>";
		};
		DC857526174E14CD008D8B76 /* App */ = {
			isa = PBXGroup;
			children = (
				DC8F3D531758EAC500EF6F78 /* OutgoingCall */,
				DC63F47B1761C94900229C43 /* Sip */,
				DC953B22174EFA3D006F5AB0 /* System */,
				DC953B25174EFB09006F5AB0 /* Tab&TabContent */,
			);
			name = App;
			sourceTree = "<group>";
		};
		DC8E17D3175F895600BF8014 /* CustomComponents */ = {
			isa = PBXGroup;
			children = (
				DC8E17D4175F899900BF8014 /* OutgoingCallControllerButton.h */,
				DC8E17D5175F899900BF8014 /* OutgoingCallControllerButton.m */,
			);
			path = CustomComponents;
			sourceTree = "<group>";
		};
		DC8F3D531758EAC500EF6F78 /* OutgoingCall */ = {
			isa = PBXGroup;
			children = (
				DC75F5EE175F16C100A17B5A /* OutgoingCallGenerator.h */,
				DC75F5EF175F16C100A17B5A /* OutgoingCallGenerator.m */,
				DC8F3D571758EB8600EF6F78 /* OutgoingCallView.h */,
				DC8F3D581758EB8600EF6F78 /* OutgoingCallView.m */,
				DC8F3D541758EB5800EF6F78 /* OutgoingCallViewController.h */,
				DC8F3D551758EB5800EF6F78 /* OutgoingCallViewController.m */,
				DC75F5ED175F16B500A17B5A /* SipCallMode.h */,
				DC63F48F1761DC8C00229C43 /* SipCallModeSelector.h */,
				DC63F4901761DC8C00229C43 /* SipCallModeSelector.m */,
			);
			name = OutgoingCall;
			sourceTree = "<group>";
		};
		DC8F3D5A1758EE2D00EF6F78 /* Internationalization */ = {
			isa = PBXGroup;
			children = (
				DC8F3D5B1758EE4600EF6F78 /* Localizable.strings */,
				DC8F3D601758EED200EF6F78 /* Toast.strings */,
			);
			name = Internationalization;
			sourceTree = "<group>";
		};
		DC953B22174EFA3D006F5AB0 /* System */ = {
			isa = PBXGroup;
			children = (
				DC953B23174EFAEA006F5AB0 /* Login */,
				DC953B24174EFAF0006F5AB0 /* Register */,
			);
			name = System;
			sourceTree = "<group>";
		};
		DC953B23174EFAEA006F5AB0 /* Login */ = {
			isa = PBXGroup;
			children = (
			);
			name = Login;
			sourceTree = "<group>";
		};
		DC953B24174EFAF0006F5AB0 /* Register */ = {
			isa = PBXGroup;
			children = (
			);
			name = Register;
			sourceTree = "<group>";
		};
		DC953B25174EFB09006F5AB0 /* Tab&TabContent */ = {
			isa = PBXGroup;
			children = (
				DC953B7E174F3A00006F5AB0 /* CallRecords */,
				DC953B7A174F336C006F5AB0 /* ContactList */,
				DC953B86174F4534006F5AB0 /* Keypad */,
				DC953B82174F4323006F5AB0 /* More */,
			);
			name = "Tab&TabContent";
			sourceTree = "<group>";
		};
		DC953B7A174F336C006F5AB0 /* ContactList */ = {
			isa = PBXGroup;
			children = (
				DC953B7B174F3488006F5AB0 /* ContactListTabContentView.h */,
				DC953B7C174F3488006F5AB0 /* ContactListTabContentView.m */,
				DC8A52D717558CBD00B22630 /* ContactListTabContentViewController.h */,
				DC8A52D817558CBD00B22630 /* ContactListTabContentViewController.m */,
				DC953B8A174F4C18006F5AB0 /* ContactListTableViewCell.h */,
				DC953B8B174F4C19006F5AB0 /* ContactListTableViewCell.m */,
			);
			name = ContactList;
			sourceTree = "<group>";
		};
		DC953B7E174F3A00006F5AB0 /* CallRecords */ = {
			isa = PBXGroup;
			children = (
				DC953B7F174F3A4A006F5AB0 /* CallRecordHistoryListTabContentView.h */,
				DC953B80174F3A4A006F5AB0 /* CallRecordHistoryListTabContentView.m */,
				DC8A52D417558CA100B22630 /* CallRecordHistoryListTabContentViewController.h */,
				DC8A52D517558CA100B22630 /* CallRecordHistoryListTabContentViewController.m */,
			);
			name = CallRecords;
			sourceTree = "<group>";
		};
		DC953B82174F4323006F5AB0 /* More */ = {
			isa = PBXGroup;
			children = (
				DC953B83174F4361006F5AB0 /* MoreTabContentView.h */,
				DC953B84174F4361006F5AB0 /* MoreTabContentView.m */,
				DC8A52CE17558C5F00B22630 /* MoreTabContentViewController.h */,
				DC8A52CF17558C5F00B22630 /* MoreTabContentViewController.m */,
			);
			name = More;
			sourceTree = "<group>";
		};
		DC953B86174F4534006F5AB0 /* Keypad */ = {
			isa = PBXGroup;
			children = (
				DC953B87174F4580006F5AB0 /* DialTabContentView.h */,
				DC953B88174F4580006F5AB0 /* DialTabContentView.m */,
				DC8A52D117558C7C00B22630 /* DialTabContentViewController.h */,
				DC8A52D217558C7C00B22630 /* DialTabContentViewController.m */,
			);
			name = Keypad;
			sourceTree = "<group>";
		};
/* End PBXGroup section */

/* Begin PBXNativeTarget section */
		DC6300C3174C78FD00C132C2 /* ChineseTelephone */ = {
			isa = PBXNativeTarget;
			buildConfigurationList = DC6300E1174C78FD00C132C2 /* Build configuration list for PBXNativeTarget "ChineseTelephone" */;
			buildPhases = (
				DC6300C0174C78FD00C132C2 /* Sources */,
				DC6300C1174C78FD00C132C2 /* Frameworks */,
				DC6300C2174C78FD00C132C2 /* Resources */,
			);
			buildRules = (
			);
			dependencies = (
			);
			name = ChineseTelephone;
			productName = ChineseTelephone;
			productReference = DC6300C4174C78FD00C132C2 /* ChineseTelephone.app */;
			productType = "com.apple.product-type.application";
		};
/* End PBXNativeTarget section */

/* Begin PBXProject section */
		DC6300BC174C78FD00C132C2 /* Project object */ = {
			isa = PBXProject;
			attributes = {
				LastUpgradeCheck = 0460;
				ORGANIZATIONNAME = richitec;
			};
			buildConfigurationList = DC6300BF174C78FD00C132C2 /* Build configuration list for PBXProject "ChineseTelephone" */;
			compatibilityVersion = "Xcode 3.2";
			developmentRegion = English;
			hasScannedForEncodings = 0;
			knownRegions = (
				en,
				"zh-Hans",
				"zh-Hant",
			);
			mainGroup = DC6300BB174C78FD00C132C2;
			productRefGroup = DC6300C5174C78FD00C132C2 /* Products */;
			projectDirPath = "";
			projectRoot = "";
			targets = (
				DC6300C3174C78FD00C132C2 /* ChineseTelephone */,
			);
		};
/* End PBXProject section */

/* Begin PBXResourcesBuildPhase section */
		DC6300C2174C78FD00C132C2 /* Resources */ = {
			isa = PBXResourcesBuildPhase;
			buildActionMask = 2147483647;
			files = (
				DC630126174CA2A300C132C2 /* CommonToolkitBundle.bundle in Resources */,
				DC630127174CA2A300C132C2 /* Pinyin4jBundle.bundle in Resources */,
				DC63013C174CA64800C132C2 /* InfoPlist.strings in Resources */,
				DC953B72174F138B006F5AB0 /* img_tab_callrecord.png in Resources */,
				DC953B73174F138B006F5AB0 /* img_tab_callrecord@2x.png in Resources */,
				DC953B74174F138B006F5AB0 /* img_tab_contactlist.png in Resources */,
				DC953B75174F138B006F5AB0 /* img_tab_contactlist@2x.png in Resources */,
				DC953B76174F138B006F5AB0 /* img_tab_dial.png in Resources */,
				DC953B77174F138B006F5AB0 /* img_tab_dial@2x.png in Resources */,
				DC953B8E174F5228006F5AB0 /* img_default_avatar.png in Resources */,
				DC756B871752EE4000F287FA /* Default-568h@2x.png in Resources */,
				DC756B881752EE4000F287FA /* Default.png in Resources */,
				DC756B891752EE4000F287FA /* Default@2x.png in Resources */,
				DC8A52DE175600E900B22630 /* img_dialnumber7ownnershiplabel_bg.png in Resources */,
				DC8A52DF175600E900B22630 /* img_dialnumber7ownnershiplabel_bg@2x.png in Resources */,
				DCEF2E32175642B50004E52F /* img_dialnumber7ownnershiplabel_bg-568h@2x.png in Resources */,
				DC620BA61757349F00FEEC5A /* img_cleardialphone_btn.png in Resources */,
				DC620BA71757349F00FEEC5A /* img_newcontact_btn.png in Resources */,
				DC620BAA1757391A00FEEC5A /* img_dialbtn_highlighted_bg.png in Resources */,
				DC620BAB1757391A00FEEC5A /* img_addnewcontact6cleardialnumber_btn_normal_bg.png in Resources */,
				DC620BAF17573DFC00FEEC5A /* img_dialbtn_normal_bg.png in Resources */,
				DC620BB21757402F00FEEC5A /* img_callbtn_highlighted_bg.png in Resources */,
				DC620BB31757402F00FEEC5A /* img_callbtn_normal_bg.png in Resources */,
				DC620BC0175745CC00FEEC5A /* img_dial_0_btn.png in Resources */,
				DC620BC1175745CC00FEEC5A /* img_dial_1_btn.png in Resources */,
				DC620BC2175745CC00FEEC5A /* img_dial_2_btn.png in Resources */,
				DC620BC3175745CC00FEEC5A /* img_dial_3_btn.png in Resources */,
				DC620BC4175745CC00FEEC5A /* img_dial_4_btn.png in Resources */,
				DC620BC5175745CC00FEEC5A /* img_dial_5_btn.png in Resources */,
				DC620BC6175745CC00FEEC5A /* img_dial_6_btn.png in Resources */,
				DC620BC7175745CC00FEEC5A /* img_dial_7_btn.png in Resources */,
				DC620BC8175745CC00FEEC5A /* img_dial_8_btn.png in Resources */,
				DC620BC9175745CC00FEEC5A /* img_dial_9_btn.png in Resources */,
				DC620BCA175745CC00FEEC5A /* img_dial_pound_btn.png in Resources */,
				DC620BCB175745CC00FEEC5A /* img_dial_star_btn.png in Resources */,
				DC5ED29B17587BE4002B5B81 /* img_newcontact_btn-568h@2x.png in Resources */,
				DC5ED29C17587BE4002B5B81 /* img_newcontact_btn@2x.png in Resources */,
				DC5ED2A317587C8D002B5B81 /* img_cleardialphone_btn-568h@2x.png in Resources */,
				DC5ED2A417587C8D002B5B81 /* img_cleardialphone_btn@2x.png in Resources */,
				DC5ED2A717587E78002B5B81 /* img_dial_0_btn-568h@2x.png in Resources */,
				DC5ED2A817587E78002B5B81 /* img_dial_0_btn@2x.png in Resources */,
				DC5ED2BF1758A670002B5B81 /* img_dial_1_btn-568h@2x.png in Resources */,
				DC5ED2C01758A670002B5B81 /* img_dial_1_btn@2x.png in Resources */,
				DC5ED2C11758A670002B5B81 /* img_dial_2_btn-568h@2x.png in Resources */,
				DC5ED2C21758A670002B5B81 /* img_dial_2_btn@2x.png in Resources */,
				DC5ED2C31758A670002B5B81 /* img_dial_3_btn-568h@2x.png in Resources */,
				DC5ED2C41758A670002B5B81 /* img_dial_3_btn@2x.png in Resources */,
				DC5ED2C51758A670002B5B81 /* img_dial_4_btn-568h@2x.png in Resources */,
				DC5ED2C61758A670002B5B81 /* img_dial_4_btn@2x.png in Resources */,
				DC5ED2C71758A670002B5B81 /* img_dial_5_btn-568h@2x.png in Resources */,
				DC5ED2C81758A670002B5B81 /* img_dial_5_btn@2x.png in Resources */,
				DC5ED2C91758A670002B5B81 /* img_dial_6_btn-568h@2x.png in Resources */,
				DC5ED2CA1758A670002B5B81 /* img_dial_6_btn@2x.png in Resources */,
				DC5ED2CB1758A670002B5B81 /* img_dial_7_btn-568h@2x.png in Resources */,
				DC5ED2CC1758A670002B5B81 /* img_dial_7_btn@2x.png in Resources */,
				DC5ED2CD1758A670002B5B81 /* img_dial_8_btn-568h@2x.png in Resources */,
				DC5ED2CE1758A670002B5B81 /* img_dial_8_btn@2x.png in Resources */,
				DC5ED2CF1758A670002B5B81 /* img_dial_9_btn-568h@2x.png in Resources */,
				DC5ED2D01758A670002B5B81 /* img_dial_9_btn@2x.png in Resources */,
				DC5ED2D11758A670002B5B81 /* img_dial_pound_btn-568h@2x.png in Resources */,
				DC5ED2D21758A670002B5B81 /* img_dial_pound_btn@2x.png in Resources */,
				DC5ED2D31758A670002B5B81 /* img_dial_star_btn-568h@2x.png in Resources */,
				DC5ED2D41758A670002B5B81 /* img_dial_star_btn@2x.png in Resources */,
				DC8F3D5D1758EE4600EF6F78 /* Localizable.strings in Resources */,
				DC8F3D621758EED200EF6F78 /* Toast.strings in Resources */,
				DC75F5F5175F32B400A17B5A /* img_outgoingcall_footerview_bg.png in Resources */,
				DC75F5F6175F32B400A17B5A /* img_outgoingcall_footerview_bg@2x.png in Resources */,
				DC75F5F7175F32B400A17B5A /* img_outgoingcall_headerview_bg.png in Resources */,
				DC75F5F8175F32B400A17B5A /* img_outgoingcall_headerview_bg@2x.png in Resources */,
				DCEB1C8A1760493900A603F7 /* img_callcontroller_speakerbtn.png in Resources */,
				DCEB1C8B1760493900A603F7 /* img_callcontroller_keyboardbtn.png in Resources */,
				DCEB1C8C1760493900A603F7 /* img_callcontroller_mutebtn-568h@2x.png in Resources */,
				DCEB1C8E176053DD00A603F7 /* img_callcontroller_keyboardbtn@2x.png in Resources */,
				DCEB1C90176055B700A603F7 /* img_callcontroller_keyboardbtn-568h@2x.png in Resources */,
				DCEB1C94176064CC00A603F7 /* img_callcontroller_contactsbtn@2x.png in Resources */,
				DCEB1C9B176064DB00A603F7 /* img_callcontroller_contactsbtn-568h@2x.png in Resources */,
				DCEB1C9C176064DB00A603F7 /* img_callcontroller_contactsbtn.png in Resources */,
				DCEB1C9D176064DB00A603F7 /* img_callcontroller_speakerbtn-568h@2x.png in Resources */,
				DCEB1C9E176064DB00A603F7 /* img_callcontroller_speakerbtn@2x.png in Resources */,
				DCEB1C9F176064DB00A603F7 /* img_callcontroller_mutebtn.png in Resources */,
				DCEB1CA0176064DB00A603F7 /* img_callcontroller_mutebtn@2x.png in Resources */,
				DCEB1CA31760699C00A603F7 /* img_callcontrollerbtn_highlighted_bg.png in Resources */,
				DCEB1CA41760699C00A603F7 /* img_callcontrollerbtn_normal_bg.png in Resources */,
				DCEB1CA917607E3500A603F7 /* img_hangup_longbtn_bg.png in Resources */,
				DCEB1CAA17607E3500A603F7 /* img_hangup_shortbtn_bg.png in Resources */,
				DCEB1CAB17607E3500A603F7 /* img_hidekeyboardbtn_highlighted_bg.png in Resources */,
				DCEB1CAC17607E3500A603F7 /* img_hidekeyboardbtn_normal_bg.png in Resources */,
				DC63F44E1761895100229C43 /* img_hangup_longbtn-hs.png in Resources */,
				DC63F44F1761895100229C43 /* img_hangup_shortbtn-hs.png in Resources */,
				DC63F4501761895100229C43 /* img_hidekeyboardbtn-hs.png in Resources */,
				DC63F4541761901E00229C43 /* img_hangup_longbtn-en.png in Resources */,
				DC63F4551761901E00229C43 /* img_hangup_shortbtn-en.png in Resources */,
				DC63F4561761901E00229C43 /* img_hidekeyboardbtn-en.png in Resources */,
				DC63F45A1761981900229C43 /* img_hangup_longbtn-ht.png in Resources */,
				DC63F45B1761981900229C43 /* img_hangup_shortbtn-ht.png in Resources */,
				DC63F45C1761981900229C43 /* img_hidekeyboardbtn-ht.png in Resources */,
				DC63F4661761A4D100229C43 /* img_callbtn-568h-en@2x.png in Resources */,
				DC63F4671761A4D100229C43 /* img_callbtn-568h-hs@2x.png in Resources */,
				DC63F4681761A4D100229C43 /* img_callbtn-568h-ht@2x.png in Resources */,
				DC63F4691761A4D100229C43 /* img_callbtn-en.png in Resources */,
				DC63F46A1761A4D100229C43 /* img_callbtn-en@2x.png in Resources */,
				DC63F46B1761A4D100229C43 /* img_callbtn-hs.png in Resources */,
				DC63F46C1761A4D100229C43 /* img_callbtn-hs@2x.png in Resources */,
				DC63F46D1761A4D100229C43 /* img_callbtn-ht.png in Resources */,
				DC63F46E1761A4D100229C43 /* img_callbtn-ht@2x.png in Resources */,
				DC63F4701761ACCE00229C43 /* img_back4waitingcallbackcallbtn_bg.png in Resources */,
				DC63F4741761B42900229C43 /* img_back4waitingcallbackcallbtn-en.png in Resources */,
				DC63F4751761B42900229C43 /* img_back4waitingcallbackcallbtn-hs.png in Resources */,
				DC63F4761761B42900229C43 /* img_back4waitingcallbackcallbtn-ht.png in Resources */,
				DC63F4791761BA4000229C43 /* img_sendcallbackcall_failed.png in Resources */,
				DC63F47A1761BA4000229C43 /* img_sendcallbackcall_succeed.png in Resources */,
			);
			runOnlyForDeploymentPostprocessing = 0;
		};
/* End PBXResourcesBuildPhase section */

/* Begin PBXSourcesBuildPhase section */
		DC6300C0174C78FD00C132C2 /* Sources */ = {
			isa = PBXSourcesBuildPhase;
			buildActionMask = 2147483647;
			files = (
				DC6300D4174C78FD00C132C2 /* main.m in Sources */,
				DC6300D8174C78FD00C132C2 /* AppDelegate.m in Sources */,
				DC953B7D174F3488006F5AB0 /* ContactListTabContentView.m in Sources */,
				DC953B81174F3A4A006F5AB0 /* CallRecordHistoryListTabContentView.m in Sources */,
				DC953B85174F4361006F5AB0 /* MoreTabContentView.m in Sources */,
				DC953B89174F4580006F5AB0 /* DialTabContentView.m in Sources */,
				DC953B8C174F4C19006F5AB0 /* ContactListTableViewCell.m in Sources */,
				DC8A52D017558C5F00B22630 /* MoreTabContentViewController.m in Sources */,
				DC8A52D317558C7C00B22630 /* DialTabContentViewController.m in Sources */,
				DC8A52D617558CA100B22630 /* CallRecordHistoryListTabContentViewController.m in Sources */,
				DC8A52D917558CBD00B22630 /* ContactListTabContentViewController.m in Sources */,
				DC8F3D561758EB5800EF6F78 /* OutgoingCallViewController.m in Sources */,
				DC8F3D591758EB8600EF6F78 /* OutgoingCallView.m in Sources */,
				DC75F5F0175F16C100A17B5A /* OutgoingCallGenerator.m in Sources */,
				DC8E17D6175F899900BF8014 /* OutgoingCallControllerButton.m in Sources */,
				DC63F47E1761C9A800229C43 /* SipUtils.m in Sources */,
				DC63F4851761CCCE00229C43 /* SipBaseImplementation.m in Sources */,
				DC63F4881761CD0B00229C43 /* PJSipImplementation.m in Sources */,
				DC63F48D1761D30100229C43 /* SipRegistrationBean.m in Sources */,
				DC63F4911761DC8C00229C43 /* SipCallModeSelector.m in Sources */,
			);
			runOnlyForDeploymentPostprocessing = 0;
		};
/* End PBXSourcesBuildPhase section */

/* Begin PBXVariantGroup section */
		DC630138174CA64800C132C2 /* InfoPlist.strings */ = {
			isa = PBXVariantGroup;
			children = (
				DC630139174CA64800C132C2 /* en */,
				DC63013E174CA65100C132C2 /* zh-Hans */,
				DC630140174CA65F00C132C2 /* zh-Hant */,
			);
			name = InfoPlist.strings;
			sourceTree = "<group>";
		};
		DC8F3D5B1758EE4600EF6F78 /* Localizable.strings */ = {
			isa = PBXVariantGroup;
			children = (
				DC8F3D5C1758EE4600EF6F78 /* en */,
				DC8F3D5E1758EE4D00EF6F78 /* zh-Hans */,
				DC8F3D5F1758EE5400EF6F78 /* zh-Hant */,
			);
			name = Localizable.strings;
			sourceTree = "<group>";
		};
		DC8F3D601758EED200EF6F78 /* Toast.strings */ = {
			isa = PBXVariantGroup;
			children = (
				DC8F3D611758EED200EF6F78 /* en */,
				DC8F3D631758EEF400EF6F78 /* zh-Hans */,
				DC8F3D641758EEFB00EF6F78 /* zh-Hant */,
			);
			name = Toast.strings;
			sourceTree = "<group>";
		};
/* End PBXVariantGroup section */

/* Begin XCBuildConfiguration section */
		DC6300DF174C78FD00C132C2 /* Debug */ = {
			isa = XCBuildConfiguration;
			buildSettings = {
				ALWAYS_SEARCH_USER_PATHS = NO;
				CLANG_CXX_LANGUAGE_STANDARD = "gnu++0x";
				CLANG_CXX_LIBRARY = "libc++";
				CLANG_ENABLE_OBJC_ARC = YES;
				CLANG_WARN_CONSTANT_CONVERSION = YES;
				CLANG_WARN_EMPTY_BODY = YES;
				CLANG_WARN_ENUM_CONVERSION = YES;
				CLANG_WARN_INT_CONVERSION = YES;
				CLANG_WARN__DUPLICATE_METHOD_MATCH = YES;
				CODE_SIGN_IDENTITY = "";
				"CODE_SIGN_IDENTITY[sdk=iphoneos*]" = "iPhone Developer: guanghui hu (TS23V9C6Z2)";
				COPY_PHASE_STRIP = NO;
				GCC_C_LANGUAGE_STANDARD = gnu99;
				GCC_DYNAMIC_NO_PIC = NO;
				GCC_OPTIMIZATION_LEVEL = 0;
				GCC_PREPROCESSOR_DEFINITIONS = (
					"DEBUG=1",
					"$(inherited)",
				);
				GCC_SYMBOLS_PRIVATE_EXTERN = NO;
				GCC_WARN_ABOUT_RETURN_TYPE = YES;
				GCC_WARN_UNINITIALIZED_AUTOS = YES;
				GCC_WARN_UNUSED_VARIABLE = YES;
				IPHONEOS_DEPLOYMENT_TARGET = 4.3;
				ONLY_ACTIVE_ARCH = YES;
				"PROVISIONING_PROFILE[sdk=iphoneos*]" = "18325F67-E9FB-44CF-852B-BEEA2FF29D43";
				SDKROOT = iphoneos;
			};
			name = Debug;
		};
		DC6300E0174C78FD00C132C2 /* Release */ = {
			isa = XCBuildConfiguration;
			buildSettings = {
				ALWAYS_SEARCH_USER_PATHS = NO;
				CLANG_CXX_LANGUAGE_STANDARD = "gnu++0x";
				CLANG_CXX_LIBRARY = "libc++";
				CLANG_ENABLE_OBJC_ARC = YES;
				CLANG_WARN_CONSTANT_CONVERSION = YES;
				CLANG_WARN_EMPTY_BODY = YES;
				CLANG_WARN_ENUM_CONVERSION = YES;
				CLANG_WARN_INT_CONVERSION = YES;
				CLANG_WARN__DUPLICATE_METHOD_MATCH = YES;
				CODE_SIGN_IDENTITY = "";
				"CODE_SIGN_IDENTITY[sdk=iphoneos*]" = "iPhone Developer";
				COPY_PHASE_STRIP = YES;
				GCC_C_LANGUAGE_STANDARD = gnu99;
				GCC_WARN_ABOUT_RETURN_TYPE = YES;
				GCC_WARN_UNINITIALIZED_AUTOS = YES;
				GCC_WARN_UNUSED_VARIABLE = YES;
				IPHONEOS_DEPLOYMENT_TARGET = 4.3;
				OTHER_CFLAGS = "-DNS_BLOCK_ASSERTIONS=1";
				SDKROOT = iphoneos;
				VALIDATE_PRODUCT = YES;
			};
			name = Release;
		};
		DC6300E2174C78FD00C132C2 /* Debug */ = {
			isa = XCBuildConfiguration;
			buildSettings = {
				FRAMEWORK_SEARCH_PATHS = (
					"$(inherited)",
					"\"$(SRCROOT)/ChineseTelephone/OtherFrameworks\"",
				);
				GCC_PRECOMPILE_PREFIX_HEADER = YES;
				GCC_PREFIX_HEADER = "ChineseTelephone/ChineseTelephone-Prefix.pch";
				INFOPLIST_FILE = "ChineseTelephone/ChineseTelephone-Info.plist";
				PRODUCT_NAME = "$(TARGET_NAME)";
				WRAPPER_EXTENSION = app;
			};
			name = Debug;
		};
		DC6300E3174C78FD00C132C2 /* Release */ = {
			isa = XCBuildConfiguration;
			buildSettings = {
				FRAMEWORK_SEARCH_PATHS = (
					"$(inherited)",
					"\"$(SRCROOT)/ChineseTelephone/OtherFrameworks\"",
				);
				GCC_PRECOMPILE_PREFIX_HEADER = YES;
				GCC_PREFIX_HEADER = "ChineseTelephone/ChineseTelephone-Prefix.pch";
				INFOPLIST_FILE = "ChineseTelephone/ChineseTelephone-Info.plist";
				PRODUCT_NAME = "$(TARGET_NAME)";
				WRAPPER_EXTENSION = app;
			};
			name = Release;
		};
/* End XCBuildConfiguration section */

/* Begin XCConfigurationList section */
		DC6300BF174C78FD00C132C2 /* Build configuration list for PBXProject "ChineseTelephone" */ = {
			isa = XCConfigurationList;
			buildConfigurations = (
				DC6300DF174C78FD00C132C2 /* Debug */,
				DC6300E0174C78FD00C132C2 /* Release */,
			);
			defaultConfigurationIsVisible = 0;
			defaultConfigurationName = Release;
		};
		DC6300E1174C78FD00C132C2 /* Build configuration list for PBXNativeTarget "ChineseTelephone" */ = {
			isa = XCConfigurationList;
			buildConfigurations = (
				DC6300E2174C78FD00C132C2 /* Debug */,
				DC6300E3174C78FD00C132C2 /* Release */,
			);
			defaultConfigurationIsVisible = 0;
			defaultConfigurationName = Release;
		};
/* End XCConfigurationList section */
	};
	rootObject = DC6300BC174C78FD00C132C2 /* Project object */;
}
