// !$*UTF8*$!
{
	archiveVersion = 1;
	classes = {
	};
	objectVersion = 46;
	objects = {

/* Begin PBXBuildFile section */
		DC6300C8174C78FD00C132C2 /* UIKit.framework in Frameworks */ = {isa = PBXBuildFile; fileRef = DC6300C7174C78FD00C132C2 /* UIKit.framework */; };
		DC6300CA174C78FD00C132C2 /* Foundation.framework in Frameworks */ = {isa = PBXBuildFile; fileRef = DC6300C9174C78FD00C132C2 /* Foundation.framework */; };
		DC6300CC174C78FD00C132C2 /* CoreGraphics.framework in Frameworks */ = {isa = PBXBuildFile; fileRef = DC6300CB174C78FD00C132C2 /* CoreGraphics.framework */; };
		DC6300D4174C78FD00C132C2 /* main.m in Sources */ = {isa = PBXBuildFile; fileRef = DC6300D3174C78FD00C132C2 /* main.m */; };
		DC6300D8174C78FD00C132C2 /* AppDelegate.m in Sources */ = {isa = PBXBuildFile; fileRef = DC6300D7174C78FD00C132C2 /* AppDelegate.m */; };
		DC630126174CA2A300C132C2 /* CommonToolkitBundle.bundle in Resources */ = {isa = PBXBuildFile; fileRef = DC63011E174CA2A300C132C2 /* CommonToolkitBundle.bundle */; };
		DC630127174CA2A300C132C2 /* Pinyin4jBundle.bundle in Resources */ = {isa = PBXBuildFile; fileRef = DC63011F174CA2A300C132C2 /* Pinyin4jBundle.bundle */; };
		DC63013C174CA64800C132C2 /* InfoPlist.strings in Resources */ = {isa = PBXBuildFile; fileRef = DC630138174CA64800C132C2 /* InfoPlist.strings */; };
		DC63013D174CA64800C132C2 /* Localizable.strings in Resources */ = {isa = PBXBuildFile; fileRef = DC63013A174CA64800C132C2 /* Localizable.strings */; };
		DC756B871752EE4000F287FA /* Default-568h@2x.png in Resources */ = {isa = PBXBuildFile; fileRef = DC756B841752EE4000F287FA /* Default-568h@2x.png */; };
		DC756B881752EE4000F287FA /* Default.png in Resources */ = {isa = PBXBuildFile; fileRef = DC756B851752EE4000F287FA /* Default.png */; };
		DC756B891752EE4000F287FA /* Default@2x.png in Resources */ = {isa = PBXBuildFile; fileRef = DC756B861752EE4000F287FA /* Default@2x.png */; };
		DC857517174E10E0008D8B76 /* AddressBook.framework in Frameworks */ = {isa = PBXBuildFile; fileRef = DC857516174E10E0008D8B76 /* AddressBook.framework */; };
		DC857519174E10E9008D8B76 /* CFNetwork.framework in Frameworks */ = {isa = PBXBuildFile; fileRef = DC857518174E10E9008D8B76 /* CFNetwork.framework */; };
		DC85751B174E10F1008D8B76 /* SystemConfiguration.framework in Frameworks */ = {isa = PBXBuildFile; fileRef = DC85751A174E10F1008D8B76 /* SystemConfiguration.framework */; };
		DC85751D174E10F9008D8B76 /* MobileCoreServices.framework in Frameworks */ = {isa = PBXBuildFile; fileRef = DC85751C174E10F9008D8B76 /* MobileCoreServices.framework */; };
		DC85751F174E1106008D8B76 /* libz.dylib in Frameworks */ = {isa = PBXBuildFile; fileRef = DC85751E174E1106008D8B76 /* libz.dylib */; };
		DC857521174E1110008D8B76 /* libicucore.dylib in Frameworks */ = {isa = PBXBuildFile; fileRef = DC857520174E1110008D8B76 /* libicucore.dylib */; };
		DC857523174E111B008D8B76 /* CoreText.framework in Frameworks */ = {isa = PBXBuildFile; fileRef = DC857522174E111B008D8B76 /* CoreText.framework */; };
		DC857525174E112E008D8B76 /* CommonToolkit.framework in Frameworks */ = {isa = PBXBuildFile; fileRef = DC857524174E112E008D8B76 /* CommonToolkit.framework */; };
		DC953B72174F138B006F5AB0 /* img_tab_callrecord.png in Resources */ = {isa = PBXBuildFile; fileRef = DC953B6A174F138B006F5AB0 /* img_tab_callrecord.png */; };
		DC953B73174F138B006F5AB0 /* img_tab_callrecord@2x.png in Resources */ = {isa = PBXBuildFile; fileRef = DC953B6B174F138B006F5AB0 /* img_tab_callrecord@2x.png */; };
		DC953B74174F138B006F5AB0 /* img_tab_contactlist.png in Resources */ = {isa = PBXBuildFile; fileRef = DC953B6C174F138B006F5AB0 /* img_tab_contactlist.png */; };
		DC953B75174F138B006F5AB0 /* img_tab_contactlist@2x.png in Resources */ = {isa = PBXBuildFile; fileRef = DC953B6D174F138B006F5AB0 /* img_tab_contactlist@2x.png */; };
		DC953B76174F138B006F5AB0 /* img_tab_dial.png in Resources */ = {isa = PBXBuildFile; fileRef = DC953B6E174F138B006F5AB0 /* img_tab_dial.png */; };
		DC953B77174F138B006F5AB0 /* img_tab_dial@2x.png in Resources */ = {isa = PBXBuildFile; fileRef = DC953B6F174F138B006F5AB0 /* img_tab_dial@2x.png */; };
		DC953B78174F138B006F5AB0 /* img_tab_more.png in Resources */ = {isa = PBXBuildFile; fileRef = DC953B70174F138B006F5AB0 /* img_tab_more.png */; };
		DC953B79174F138B006F5AB0 /* img_tab_more@2x.png in Resources */ = {isa = PBXBuildFile; fileRef = DC953B71174F138B006F5AB0 /* img_tab_more@2x.png */; };
		DC953B7D174F3488006F5AB0 /* ContactListTabContentView.m in Sources */ = {isa = PBXBuildFile; fileRef = DC953B7C174F3488006F5AB0 /* ContactListTabContentView.m */; };
		DC953B81174F3A4A006F5AB0 /* CallRecordHistoryListTabContentView.m in Sources */ = {isa = PBXBuildFile; fileRef = DC953B80174F3A4A006F5AB0 /* CallRecordHistoryListTabContentView.m */; };
		DC953B85174F4361006F5AB0 /* MoreTabContentView.m in Sources */ = {isa = PBXBuildFile; fileRef = DC953B84174F4361006F5AB0 /* MoreTabContentView.m */; };
		DC953B89174F4580006F5AB0 /* DialTabContentView.m in Sources */ = {isa = PBXBuildFile; fileRef = DC953B88174F4580006F5AB0 /* DialTabContentView.m */; };
		DC953B8C174F4C19006F5AB0 /* ContactListTableViewCell.m in Sources */ = {isa = PBXBuildFile; fileRef = DC953B8B174F4C19006F5AB0 /* ContactListTableViewCell.m */; };
		DC953B8E174F5228006F5AB0 /* img_default_avatar.png in Resources */ = {isa = PBXBuildFile; fileRef = DC953B8D174F5228006F5AB0 /* img_default_avatar.png */; };
/* End PBXBuildFile section */

/* Begin PBXFileReference section */
		DC6300C4174C78FD00C132C2 /* ChineseTelephone.app */ = {isa = PBXFileReference; explicitFileType = wrapper.application; includeInIndex = 0; path = ChineseTelephone.app; sourceTree = BUILT_PRODUCTS_DIR; };
		DC6300C7174C78FD00C132C2 /* UIKit.framework */ = {isa = PBXFileReference; lastKnownFileType = wrapper.framework; name = UIKit.framework; path = System/Library/Frameworks/UIKit.framework; sourceTree = SDKROOT; };
		DC6300C9174C78FD00C132C2 /* Foundation.framework */ = {isa = PBXFileReference; lastKnownFileType = wrapper.framework; name = Foundation.framework; path = System/Library/Frameworks/Foundation.framework; sourceTree = SDKROOT; };
		DC6300CB174C78FD00C132C2 /* CoreGraphics.framework */ = {isa = PBXFileReference; lastKnownFileType = wrapper.framework; name = CoreGraphics.framework; path = System/Library/Frameworks/CoreGraphics.framework; sourceTree = SDKROOT; };
		DC6300CF174C78FD00C132C2 /* ChineseTelephone-Info.plist */ = {isa = PBXFileReference; fileEncoding = 4; lastKnownFileType = text.plist.xml; path = "ChineseTelephone-Info.plist"; sourceTree = "<group>"; };
		DC6300D3174C78FD00C132C2 /* main.m */ = {isa = PBXFileReference; lastKnownFileType = sourcecode.c.objc; path = main.m; sourceTree = "<group>"; };
		DC6300D5174C78FD00C132C2 /* ChineseTelephone-Prefix.pch */ = {isa = PBXFileReference; lastKnownFileType = sourcecode.c.h; path = "ChineseTelephone-Prefix.pch"; sourceTree = "<group>"; };
		DC6300D6174C78FD00C132C2 /* AppDelegate.h */ = {isa = PBXFileReference; lastKnownFileType = sourcecode.c.h; path = AppDelegate.h; sourceTree = "<group>"; };
		DC6300D7174C78FD00C132C2 /* AppDelegate.m */ = {isa = PBXFileReference; lastKnownFileType = sourcecode.c.objc; path = AppDelegate.m; sourceTree = "<group>"; };
		DC63011E174CA2A300C132C2 /* CommonToolkitBundle.bundle */ = {isa = PBXFileReference; lastKnownFileType = "wrapper.plug-in"; path = CommonToolkitBundle.bundle; sourceTree = "<group>"; };
		DC63011F174CA2A300C132C2 /* Pinyin4jBundle.bundle */ = {isa = PBXFileReference; lastKnownFileType = "wrapper.plug-in"; path = Pinyin4jBundle.bundle; sourceTree = "<group>"; };
		DC630139174CA64800C132C2 /* en */ = {isa = PBXFileReference; lastKnownFileType = text.plist.strings; name = en; path = Resources/Internationalization/en.lproj/InfoPlist.strings; sourceTree = "<group>"; };
		DC63013B174CA64800C132C2 /* en */ = {isa = PBXFileReference; lastKnownFileType = text.plist.strings; name = en; path = Resources/Internationalization/en.lproj/Localizable.strings; sourceTree = "<group>"; };
		DC63013E174CA65100C132C2 /* zh-Hans */ = {isa = PBXFileReference; lastKnownFileType = text.plist.strings; name = "zh-Hans"; path = "Resources/Internationalization/zh-Hans.lproj/InfoPlist.strings"; sourceTree = "<group>"; };
		DC63013F174CA65100C132C2 /* zh-Hans */ = {isa = PBXFileReference; lastKnownFileType = text.plist.strings; name = "zh-Hans"; path = "Resources/Internationalization/zh-Hans.lproj/Localizable.strings"; sourceTree = "<group>"; };
		DC630140174CA65F00C132C2 /* zh-Hant */ = {isa = PBXFileReference; lastKnownFileType = text.plist.strings; name = "zh-Hant"; path = "Resources/Internationalization/zh-Hant.lproj/InfoPlist.strings"; sourceTree = "<group>"; };
		DC630141174CA65F00C132C2 /* zh-Hant */ = {isa = PBXFileReference; lastKnownFileType = text.plist.strings; name = "zh-Hant"; path = "Resources/Internationalization/zh-Hant.lproj/Localizable.strings"; sourceTree = "<group>"; };
		DC756B841752EE4000F287FA /* Default-568h@2x.png */ = {isa = PBXFileReference; lastKnownFileType = image.png; name = "Default-568h@2x.png"; path = "ChineseTelephone/Resources/Splashes/Default-568h@2x.png"; sourceTree = SOURCE_ROOT; };
		DC756B851752EE4000F287FA /* Default.png */ = {isa = PBXFileReference; lastKnownFileType = image.png; name = Default.png; path = ChineseTelephone/Resources/Splashes/Default.png; sourceTree = SOURCE_ROOT; };
		DC756B861752EE4000F287FA /* Default@2x.png */ = {isa = PBXFileReference; lastKnownFileType = image.png; name = "Default@2x.png"; path = "ChineseTelephone/Resources/Splashes/Default@2x.png"; sourceTree = SOURCE_ROOT; };
		DC857516174E10E0008D8B76 /* AddressBook.framework */ = {isa = PBXFileReference; lastKnownFileType = wrapper.framework; name = AddressBook.framework; path = System/Library/Frameworks/AddressBook.framework; sourceTree = SDKROOT; };
		DC857518174E10E9008D8B76 /* CFNetwork.framework */ = {isa = PBXFileReference; lastKnownFileType = wrapper.framework; name = CFNetwork.framework; path = System/Library/Frameworks/CFNetwork.framework; sourceTree = SDKROOT; };
		DC85751A174E10F1008D8B76 /* SystemConfiguration.framework */ = {isa = PBXFileReference; lastKnownFileType = wrapper.framework; name = SystemConfiguration.framework; path = System/Library/Frameworks/SystemConfiguration.framework; sourceTree = SDKROOT; };
		DC85751C174E10F9008D8B76 /* MobileCoreServices.framework */ = {isa = PBXFileReference; lastKnownFileType = wrapper.framework; name = MobileCoreServices.framework; path = System/Library/Frameworks/MobileCoreServices.framework; sourceTree = SDKROOT; };
		DC85751E174E1106008D8B76 /* libz.dylib */ = {isa = PBXFileReference; lastKnownFileType = "compiled.mach-o.dylib"; name = libz.dylib; path = usr/lib/libz.dylib; sourceTree = SDKROOT; };
		DC857520174E1110008D8B76 /* libicucore.dylib */ = {isa = PBXFileReference; lastKnownFileType = "compiled.mach-o.dylib"; name = libicucore.dylib; path = usr/lib/libicucore.dylib; sourceTree = SDKROOT; };
		DC857522174E111B008D8B76 /* CoreText.framework */ = {isa = PBXFileReference; lastKnownFileType = wrapper.framework; name = CoreText.framework; path = System/Library/Frameworks/CoreText.framework; sourceTree = SDKROOT; };
		DC857524174E112E008D8B76 /* CommonToolkit.framework */ = {isa = PBXFileReference; lastKnownFileType = wrapper.framework; name = CommonToolkit.framework; path = ChineseTelephone/OtherFrameworks/CommonToolkit.framework; sourceTree = "<group>"; };
		DC953B6A174F138B006F5AB0 /* img_tab_callrecord.png */ = {isa = PBXFileReference; lastKnownFileType = image.png; path = img_tab_callrecord.png; sourceTree = "<group>"; };
		DC953B6B174F138B006F5AB0 /* img_tab_callrecord@2x.png */ = {isa = PBXFileReference; lastKnownFileType = image.png; path = "img_tab_callrecord@2x.png"; sourceTree = "<group>"; };
		DC953B6C174F138B006F5AB0 /* img_tab_contactlist.png */ = {isa = PBXFileReference; lastKnownFileType = image.png; path = img_tab_contactlist.png; sourceTree = "<group>"; };
		DC953B6D174F138B006F5AB0 /* img_tab_contactlist@2x.png */ = {isa = PBXFileReference; lastKnownFileType = image.png; path = "img_tab_contactlist@2x.png"; sourceTree = "<group>"; };
		DC953B6E174F138B006F5AB0 /* img_tab_dial.png */ = {isa = PBXFileReference; lastKnownFileType = image.png; path = img_tab_dial.png; sourceTree = "<group>"; };
		DC953B6F174F138B006F5AB0 /* img_tab_dial@2x.png */ = {isa = PBXFileReference; lastKnownFileType = image.png; path = "img_tab_dial@2x.png"; sourceTree = "<group>"; };
		DC953B70174F138B006F5AB0 /* img_tab_more.png */ = {isa = PBXFileReference; lastKnownFileType = image.png; path = img_tab_more.png; sourceTree = "<group>"; };
		DC953B71174F138B006F5AB0 /* img_tab_more@2x.png */ = {isa = PBXFileReference; lastKnownFileType = image.png; path = "img_tab_more@2x.png"; sourceTree = "<group>"; };
		DC953B7B174F3488006F5AB0 /* ContactListTabContentView.h */ = {isa = PBXFileReference; fileEncoding = 4; lastKnownFileType = sourcecode.c.h; name = ContactListTabContentView.h; path = Views/ContactListTabContentView.h; sourceTree = "<group>"; };
		DC953B7C174F3488006F5AB0 /* ContactListTabContentView.m */ = {isa = PBXFileReference; fileEncoding = 4; lastKnownFileType = sourcecode.c.objc; name = ContactListTabContentView.m; path = Views/ContactListTabContentView.m; sourceTree = "<group>"; };
		DC953B7F174F3A4A006F5AB0 /* CallRecordHistoryListTabContentView.h */ = {isa = PBXFileReference; fileEncoding = 4; lastKnownFileType = sourcecode.c.h; name = CallRecordHistoryListTabContentView.h; path = Views/CallRecordHistoryListTabContentView.h; sourceTree = "<group>"; };
		DC953B80174F3A4A006F5AB0 /* CallRecordHistoryListTabContentView.m */ = {isa = PBXFileReference; fileEncoding = 4; lastKnownFileType = sourcecode.c.objc; name = CallRecordHistoryListTabContentView.m; path = Views/CallRecordHistoryListTabContentView.m; sourceTree = "<group>"; };
		DC953B83174F4361006F5AB0 /* MoreTabContentView.h */ = {isa = PBXFileReference; fileEncoding = 4; lastKnownFileType = sourcecode.c.h; name = MoreTabContentView.h; path = Views/MoreTabContentView.h; sourceTree = "<group>"; };
		DC953B84174F4361006F5AB0 /* MoreTabContentView.m */ = {isa = PBXFileReference; fileEncoding = 4; lastKnownFileType = sourcecode.c.objc; name = MoreTabContentView.m; path = Views/MoreTabContentView.m; sourceTree = "<group>"; };
		DC953B87174F4580006F5AB0 /* DialTabContentView.h */ = {isa = PBXFileReference; fileEncoding = 4; lastKnownFileType = sourcecode.c.h; name = DialTabContentView.h; path = Views/DialTabContentView.h; sourceTree = "<group>"; };
		DC953B88174F4580006F5AB0 /* DialTabContentView.m */ = {isa = PBXFileReference; fileEncoding = 4; lastKnownFileType = sourcecode.c.objc; name = DialTabContentView.m; path = Views/DialTabContentView.m; sourceTree = "<group>"; };
		DC953B8A174F4C18006F5AB0 /* ContactListTableViewCell.h */ = {isa = PBXFileReference; fileEncoding = 4; lastKnownFileType = sourcecode.c.h; name = ContactListTableViewCell.h; path = Views/ContactListTableViewCell.h; sourceTree = "<group>"; };
		DC953B8B174F4C19006F5AB0 /* ContactListTableViewCell.m */ = {isa = PBXFileReference; fileEncoding = 4; lastKnownFileType = sourcecode.c.objc; name = ContactListTableViewCell.m; path = Views/ContactListTableViewCell.m; sourceTree = "<group>"; };
		DC953B8D174F5228006F5AB0 /* img_default_avatar.png */ = {isa = PBXFileReference; lastKnownFileType = image.png; path = img_default_avatar.png; sourceTree = "<group>"; };
/* End PBXFileReference section */

/* Begin PBXFrameworksBuildPhase section */
		DC6300C1174C78FD00C132C2 /* Frameworks */ = {
			isa = PBXFrameworksBuildPhase;
			buildActionMask = 2147483647;
			files = (
				DC857525174E112E008D8B76 /* CommonToolkit.framework in Frameworks */,
				DC857523174E111B008D8B76 /* CoreText.framework in Frameworks */,
				DC857521174E1110008D8B76 /* libicucore.dylib in Frameworks */,
				DC85751F174E1106008D8B76 /* libz.dylib in Frameworks */,
				DC85751D174E10F9008D8B76 /* MobileCoreServices.framework in Frameworks */,
				DC85751B174E10F1008D8B76 /* SystemConfiguration.framework in Frameworks */,
				DC857519174E10E9008D8B76 /* CFNetwork.framework in Frameworks */,
				DC857517174E10E0008D8B76 /* AddressBook.framework in Frameworks */,
				DC6300C8174C78FD00C132C2 /* UIKit.framework in Frameworks */,
				DC6300CA174C78FD00C132C2 /* Foundation.framework in Frameworks */,
				DC6300CC174C78FD00C132C2 /* CoreGraphics.framework in Frameworks */,
			);
			runOnlyForDeploymentPostprocessing = 0;
		};
/* End PBXFrameworksBuildPhase section */

/* Begin PBXGroup section */
		DC6300BB174C78FD00C132C2 = {
			isa = PBXGroup;
			children = (
				DC6300CD174C78FD00C132C2 /* ChineseTelephone */,
				DC6300C6174C78FD00C132C2 /* Frameworks */,
				DC6300C5174C78FD00C132C2 /* Products */,
			);
			sourceTree = "<group>";
		};
		DC6300C5174C78FD00C132C2 /* Products */ = {
			isa = PBXGroup;
			children = (
				DC6300C4174C78FD00C132C2 /* ChineseTelephone.app */,
			);
			name = Products;
			sourceTree = "<group>";
		};
		DC6300C6174C78FD00C132C2 /* Frameworks */ = {
			isa = PBXGroup;
			children = (
				DC857520174E1110008D8B76 /* libicucore.dylib */,
				DC85751E174E1106008D8B76 /* libz.dylib */,
				DC857516174E10E0008D8B76 /* AddressBook.framework */,
				DC857518174E10E9008D8B76 /* CFNetwork.framework */,
				DC857524174E112E008D8B76 /* CommonToolkit.framework */,
				DC6300CB174C78FD00C132C2 /* CoreGraphics.framework */,
				DC857522174E111B008D8B76 /* CoreText.framework */,
				DC6300C9174C78FD00C132C2 /* Foundation.framework */,
				DC85751C174E10F9008D8B76 /* MobileCoreServices.framework */,
				DC85751A174E10F1008D8B76 /* SystemConfiguration.framework */,
				DC6300C7174C78FD00C132C2 /* UIKit.framework */,
			);
			name = Frameworks;
			sourceTree = "<group>";
		};
		DC6300CD174C78FD00C132C2 /* ChineseTelephone */ = {
			isa = PBXGroup;
			children = (
				DC857526174E14CD008D8B76 /* App */,
				DC6300D6174C78FD00C132C2 /* AppDelegate.h */,
				DC6300D7174C78FD00C132C2 /* AppDelegate.m */,
				DC63011C174CA2A300C132C2 /* Resources */,
				DC6300CE174C78FD00C132C2 /* Supporting Files */,
			);
			path = ChineseTelephone;
			sourceTree = "<group>";
		};
		DC6300CE174C78FD00C132C2 /* Supporting Files */ = {
			isa = PBXGroup;
			children = (
				DC6300CF174C78FD00C132C2 /* ChineseTelephone-Info.plist */,
				DC6300D5174C78FD00C132C2 /* ChineseTelephone-Prefix.pch */,
				DC630138174CA64800C132C2 /* InfoPlist.strings */,
				DC63013A174CA64800C132C2 /* Localizable.strings */,
				DC6300D3174C78FD00C132C2 /* main.m */,
			);
			name = "Supporting Files";
			sourceTree = "<group>";
		};
		DC63011C174CA2A300C132C2 /* Resources */ = {
			isa = PBXGroup;
			children = (
				DC63011D174CA2A300C132C2 /* Bundles */,
				DC630120174CA2A300C132C2 /* Icons */,
				DC630121174CA2A300C132C2 /* Images */,
				DC630122174CA2A300C132C2 /* Splashes */,
			);
			path = Resources;
			sourceTree = "<group>";
		};
		DC63011D174CA2A300C132C2 /* Bundles */ = {
			isa = PBXGroup;
			children = (
				DC63011E174CA2A300C132C2 /* CommonToolkitBundle.bundle */,
				DC63011F174CA2A300C132C2 /* Pinyin4jBundle.bundle */,
			);
			path = Bundles;
			sourceTree = "<group>";
		};
		DC630120174CA2A300C132C2 /* Icons */ = {
			isa = PBXGroup;
			children = (
			);
			path = Icons;
			sourceTree = "<group>";
		};
		DC630121174CA2A300C132C2 /* Images */ = {
			isa = PBXGroup;
			children = (
				DC953B8D174F5228006F5AB0 /* img_default_avatar.png */,
				DC953B6A174F138B006F5AB0 /* img_tab_callrecord.png */,
				DC953B6B174F138B006F5AB0 /* img_tab_callrecord@2x.png */,
				DC953B6C174F138B006F5AB0 /* img_tab_contactlist.png */,
				DC953B6D174F138B006F5AB0 /* img_tab_contactlist@2x.png */,
				DC953B6E174F138B006F5AB0 /* img_tab_dial.png */,
				DC953B6F174F138B006F5AB0 /* img_tab_dial@2x.png */,
				DC953B70174F138B006F5AB0 /* img_tab_more.png */,
				DC953B71174F138B006F5AB0 /* img_tab_more@2x.png */,
			);
			path = Images;
			sourceTree = "<group>";
		};
		DC630122174CA2A300C132C2 /* Splashes */ = {
			isa = PBXGroup;
			children = (
				DC756B841752EE4000F287FA /* Default-568h@2x.png */,
				DC756B851752EE4000F287FA /* Default.png */,
				DC756B861752EE4000F287FA /* Default@2x.png */,
			);
			name = Splashes;
			path = Splash;
			sourceTree = "<group>";
		};
		DC857526174E14CD008D8B76 /* App */ = {
			isa = PBXGroup;
			children = (
				DC953B22174EFA3D006F5AB0 /* System */,
				DC953B25174EFB09006F5AB0 /* Tab&TabContent */,
			);
			name = App;
			sourceTree = "<group>";
		};
		DC953B22174EFA3D006F5AB0 /* System */ = {
			isa = PBXGroup;
			children = (
				DC953B23174EFAEA006F5AB0 /* Login */,
				DC953B24174EFAF0006F5AB0 /* Register */,
			);
			name = System;
			sourceTree = "<group>";
		};
		DC953B23174EFAEA006F5AB0 /* Login */ = {
			isa = PBXGroup;
			children = (
			);
			name = Login;
			sourceTree = "<group>";
		};
		DC953B24174EFAF0006F5AB0 /* Register */ = {
			isa = PBXGroup;
			children = (
			);
			name = Register;
			sourceTree = "<group>";
		};
		DC953B25174EFB09006F5AB0 /* Tab&TabContent */ = {
			isa = PBXGroup;
			children = (
				DC953B7E174F3A00006F5AB0 /* CallRecords */,
				DC953B7A174F336C006F5AB0 /* ContactList */,
				DC953B86174F4534006F5AB0 /* Keypad */,
				DC953B82174F4323006F5AB0 /* More */,
			);
			name = "Tab&TabContent";
			sourceTree = "<group>";
		};
		DC953B7A174F336C006F5AB0 /* ContactList */ = {
			isa = PBXGroup;
			children = (
				DC953B7B174F3488006F5AB0 /* ContactListTabContentView.h */,
				DC953B7C174F3488006F5AB0 /* ContactListTabContentView.m */,
				DC953B8A174F4C18006F5AB0 /* ContactListTableViewCell.h */,
				DC953B8B174F4C19006F5AB0 /* ContactListTableViewCell.m */,
			);
			name = ContactList;
			sourceTree = "<group>";
		};
		DC953B7E174F3A00006F5AB0 /* CallRecords */ = {
			isa = PBXGroup;
			children = (
				DC953B7F174F3A4A006F5AB0 /* CallRecordHistoryListTabContentView.h */,
				DC953B80174F3A4A006F5AB0 /* CallRecordHistoryListTabContentView.m */,
			);
			name = CallRecords;
			sourceTree = "<group>";
		};
		DC953B82174F4323006F5AB0 /* More */ = {
			isa = PBXGroup;
			children = (
				DC953B83174F4361006F5AB0 /* MoreTabContentView.h */,
				DC953B84174F4361006F5AB0 /* MoreTabContentView.m */,
			);
			name = More;
			sourceTree = "<group>";
		};
		DC953B86174F4534006F5AB0 /* Keypad */ = {
			isa = PBXGroup;
			children = (
				DC953B87174F4580006F5AB0 /* DialTabContentView.h */,
				DC953B88174F4580006F5AB0 /* DialTabContentView.m */,
			);
			name = Keypad;
			sourceTree = "<group>";
		};
/* End PBXGroup section */

/* Begin PBXNativeTarget section */
		DC6300C3174C78FD00C132C2 /* ChineseTelephone */ = {
			isa = PBXNativeTarget;
			buildConfigurationList = DC6300E1174C78FD00C132C2 /* Build configuration list for PBXNativeTarget "ChineseTelephone" */;
			buildPhases = (
				DC6300C0174C78FD00C132C2 /* Sources */,
				DC6300C1174C78FD00C132C2 /* Frameworks */,
				DC6300C2174C78FD00C132C2 /* Resources */,
			);
			buildRules = (
			);
			dependencies = (
			);
			name = ChineseTelephone;
			productName = ChineseTelephone;
			productReference = DC6300C4174C78FD00C132C2 /* ChineseTelephone.app */;
			productType = "com.apple.product-type.application";
		};
/* End PBXNativeTarget section */

/* Begin PBXProject section */
		DC6300BC174C78FD00C132C2 /* Project object */ = {
			isa = PBXProject;
			attributes = {
				LastUpgradeCheck = 0460;
				ORGANIZATIONNAME = richitec;
			};
			buildConfigurationList = DC6300BF174C78FD00C132C2 /* Build configuration list for PBXProject "ChineseTelephone" */;
			compatibilityVersion = "Xcode 3.2";
			developmentRegion = English;
			hasScannedForEncodings = 0;
			knownRegions = (
				en,
				"zh-Hans",
				"zh-Hant",
			);
			mainGroup = DC6300BB174C78FD00C132C2;
			productRefGroup = DC6300C5174C78FD00C132C2 /* Products */;
			projectDirPath = "";
			projectRoot = "";
			targets = (
				DC6300C3174C78FD00C132C2 /* ChineseTelephone */,
			);
		};
/* End PBXProject section */

/* Begin PBXResourcesBuildPhase section */
		DC6300C2174C78FD00C132C2 /* Resources */ = {
			isa = PBXResourcesBuildPhase;
			buildActionMask = 2147483647;
			files = (
				DC630126174CA2A300C132C2 /* CommonToolkitBundle.bundle in Resources */,
				DC630127174CA2A300C132C2 /* Pinyin4jBundle.bundle in Resources */,
				DC63013C174CA64800C132C2 /* InfoPlist.strings in Resources */,
				DC63013D174CA64800C132C2 /* Localizable.strings in Resources */,
				DC953B72174F138B006F5AB0 /* img_tab_callrecord.png in Resources */,
				DC953B73174F138B006F5AB0 /* img_tab_callrecord@2x.png in Resources */,
				DC953B74174F138B006F5AB0 /* img_tab_contactlist.png in Resources */,
				DC953B75174F138B006F5AB0 /* img_tab_contactlist@2x.png in Resources */,
				DC953B76174F138B006F5AB0 /* img_tab_dial.png in Resources */,
				DC953B77174F138B006F5AB0 /* img_tab_dial@2x.png in Resources */,
				DC953B78174F138B006F5AB0 /* img_tab_more.png in Resources */,
				DC953B79174F138B006F5AB0 /* img_tab_more@2x.png in Resources */,
				DC953B8E174F5228006F5AB0 /* img_default_avatar.png in Resources */,
				DC756B871752EE4000F287FA /* Default-568h@2x.png in Resources */,
				DC756B881752EE4000F287FA /* Default.png in Resources */,
				DC756B891752EE4000F287FA /* Default@2x.png in Resources */,
			);
			runOnlyForDeploymentPostprocessing = 0;
		};
/* End PBXResourcesBuildPhase section */

/* Begin PBXSourcesBuildPhase section */
		DC6300C0174C78FD00C132C2 /* Sources */ = {
			isa = PBXSourcesBuildPhase;
			buildActionMask = 2147483647;
			files = (
				DC6300D4174C78FD00C132C2 /* main.m in Sources */,
				DC6300D8174C78FD00C132C2 /* AppDelegate.m in Sources */,
				DC953B7D174F3488006F5AB0 /* ContactListTabContentView.m in Sources */,
				DC953B81174F3A4A006F5AB0 /* CallRecordHistoryListTabContentView.m in Sources */,
				DC953B85174F4361006F5AB0 /* MoreTabContentView.m in Sources */,
				DC953B89174F4580006F5AB0 /* DialTabContentView.m in Sources */,
				DC953B8C174F4C19006F5AB0 /* ContactListTableViewCell.m in Sources */,
			);
			runOnlyForDeploymentPostprocessing = 0;
		};
/* End PBXSourcesBuildPhase section */

/* Begin PBXVariantGroup section */
		DC630138174CA64800C132C2 /* InfoPlist.strings */ = {
			isa = PBXVariantGroup;
			children = (
				DC630139174CA64800C132C2 /* en */,
				DC63013E174CA65100C132C2 /* zh-Hans */,
				DC630140174CA65F00C132C2 /* zh-Hant */,
			);
			name = InfoPlist.strings;
			sourceTree = "<group>";
		};
		DC63013A174CA64800C132C2 /* Localizable.strings */ = {
			isa = PBXVariantGroup;
			children = (
				DC63013B174CA64800C132C2 /* en */,
				DC63013F174CA65100C132C2 /* zh-Hans */,
				DC630141174CA65F00C132C2 /* zh-Hant */,
			);
			name = Localizable.strings;
			sourceTree = "<group>";
		};
/* End PBXVariantGroup section */

/* Begin XCBuildConfiguration section */
		DC6300DF174C78FD00C132C2 /* Debug */ = {
			isa = XCBuildConfiguration;
			buildSettings = {
				ALWAYS_SEARCH_USER_PATHS = NO;
				CLANG_CXX_LANGUAGE_STANDARD = "gnu++0x";
				CLANG_CXX_LIBRARY = "libc++";
				CLANG_ENABLE_OBJC_ARC = YES;
				CLANG_WARN_CONSTANT_CONVERSION = YES;
				CLANG_WARN_EMPTY_BODY = YES;
				CLANG_WARN_ENUM_CONVERSION = YES;
				CLANG_WARN_INT_CONVERSION = YES;
				CLANG_WARN__DUPLICATE_METHOD_MATCH = YES;
				CODE_SIGN_IDENTITY = "";
				"CODE_SIGN_IDENTITY[sdk=iphoneos*]" = "iPhone Developer: guanghui hu (TS23V9C6Z2)";
				COPY_PHASE_STRIP = NO;
				GCC_C_LANGUAGE_STANDARD = gnu99;
				GCC_DYNAMIC_NO_PIC = NO;
				GCC_OPTIMIZATION_LEVEL = 0;
				GCC_PREPROCESSOR_DEFINITIONS = (
					"DEBUG=1",
					"$(inherited)",
				);
				GCC_SYMBOLS_PRIVATE_EXTERN = NO;
				GCC_WARN_ABOUT_RETURN_TYPE = YES;
				GCC_WARN_UNINITIALIZED_AUTOS = YES;
				GCC_WARN_UNUSED_VARIABLE = YES;
				IPHONEOS_DEPLOYMENT_TARGET = 4.3;
				ONLY_ACTIVE_ARCH = YES;
				"PROVISIONING_PROFILE[sdk=iphoneos*]" = "18325F67-E9FB-44CF-852B-BEEA2FF29D43";
				SDKROOT = iphoneos;
			};
			name = Debug;
		};
		DC6300E0174C78FD00C132C2 /* Release */ = {
			isa = XCBuildConfiguration;
			buildSettings = {
				ALWAYS_SEARCH_USER_PATHS = NO;
				CLANG_CXX_LANGUAGE_STANDARD = "gnu++0x";
				CLANG_CXX_LIBRARY = "libc++";
				CLANG_ENABLE_OBJC_ARC = YES;
				CLANG_WARN_CONSTANT_CONVERSION = YES;
				CLANG_WARN_EMPTY_BODY = YES;
				CLANG_WARN_ENUM_CONVERSION = YES;
				CLANG_WARN_INT_CONVERSION = YES;
				CLANG_WARN__DUPLICATE_METHOD_MATCH = YES;
				CODE_SIGN_IDENTITY = "";
				"CODE_SIGN_IDENTITY[sdk=iphoneos*]" = "iPhone Developer";
				COPY_PHASE_STRIP = YES;
				GCC_C_LANGUAGE_STANDARD = gnu99;
				GCC_WARN_ABOUT_RETURN_TYPE = YES;
				GCC_WARN_UNINITIALIZED_AUTOS = YES;
				GCC_WARN_UNUSED_VARIABLE = YES;
				IPHONEOS_DEPLOYMENT_TARGET = 4.3;
				OTHER_CFLAGS = "-DNS_BLOCK_ASSERTIONS=1";
				SDKROOT = iphoneos;
				VALIDATE_PRODUCT = YES;
			};
			name = Release;
		};
		DC6300E2174C78FD00C132C2 /* Debug */ = {
			isa = XCBuildConfiguration;
			buildSettings = {
				FRAMEWORK_SEARCH_PATHS = (
					"$(inherited)",
					"\"$(SRCROOT)/ChineseTelephone/OtherFrameworks\"",
				);
				GCC_PRECOMPILE_PREFIX_HEADER = YES;
				GCC_PREFIX_HEADER = "ChineseTelephone/ChineseTelephone-Prefix.pch";
				INFOPLIST_FILE = "ChineseTelephone/ChineseTelephone-Info.plist";
				PRODUCT_NAME = "$(TARGET_NAME)";
				WRAPPER_EXTENSION = app;
			};
			name = Debug;
		};
		DC6300E3174C78FD00C132C2 /* Release */ = {
			isa = XCBuildConfiguration;
			buildSettings = {
				FRAMEWORK_SEARCH_PATHS = (
					"$(inherited)",
					"\"$(SRCROOT)/ChineseTelephone/OtherFrameworks\"",
				);
				GCC_PRECOMPILE_PREFIX_HEADER = YES;
				GCC_PREFIX_HEADER = "ChineseTelephone/ChineseTelephone-Prefix.pch";
				INFOPLIST_FILE = "ChineseTelephone/ChineseTelephone-Info.plist";
				PRODUCT_NAME = "$(TARGET_NAME)";
				WRAPPER_EXTENSION = app;
			};
			name = Release;
		};
/* End XCBuildConfiguration section */

/* Begin XCConfigurationList section */
		DC6300BF174C78FD00C132C2 /* Build configuration list for PBXProject "ChineseTelephone" */ = {
			isa = XCConfigurationList;
			buildConfigurations = (
				DC6300DF174C78FD00C132C2 /* Debug */,
				DC6300E0174C78FD00C132C2 /* Release */,
			);
			defaultConfigurationIsVisible = 0;
			defaultConfigurationName = Release;
		};
		DC6300E1174C78FD00C132C2 /* Build configuration list for PBXNativeTarget "ChineseTelephone" */ = {
			isa = XCConfigurationList;
			buildConfigurations = (
				DC6300E2174C78FD00C132C2 /* Debug */,
				DC6300E3174C78FD00C132C2 /* Release */,
			);
			defaultConfigurationIsVisible = 0;
			defaultConfigurationName = Release;
		};
/* End XCConfigurationList section */
	};
	rootObject = DC6300BC174C78FD00C132C2 /* Project object */;
}
